// !$*UTF8*$!
{
	archiveVersion = 1;
	classes = {
	};
	objectVersion = 56;
	objects = {

/* Begin PBXBuildFile section */
		2B0F97D52D19371500E6477B /* order.order in Resources */ = {isa = PBXBuildFile; fileRef = 2B0F97D42D19371500E6477B /* order.order */; };
		2B12993E2CFEB7460003F3CF /* ThreadTest.m in Sources */ = {isa = PBXBuildFile; fileRef = 2B12993D2CFEB7460003F3CF /* ThreadTest.m */; };
		2B2E9EC12CCB6AC100DFC9ED /* AppDelegate.m in Sources */ = {isa = PBXBuildFile; fileRef = 2B2E9EC02CCB6AC100DFC9ED /* AppDelegate.m */; };
		2B2E9EC42CCB6AC100DFC9ED /* SceneDelegate.m in Sources */ = {isa = PBXBuildFile; fileRef = 2B2E9EC32CCB6AC100DFC9ED /* SceneDelegate.m */; };
		2B2E9EC72CCB6AC100DFC9ED /* ViewController.m in Sources */ = {isa = PBXBuildFile; fileRef = 2B2E9EC62CCB6AC100DFC9ED /* ViewController.m */; };
		2B2E9ECC2CCB6AC200DFC9ED /* Assets.xcassets in Resources */ = {isa = PBXBuildFile; fileRef = 2B2E9ECB2CCB6AC200DFC9ED /* Assets.xcassets */; };
		2B2E9ECF2CCB6AC200DFC9ED /* LaunchScreen.storyboard in Resources */ = {isa = PBXBuildFile; fileRef = 2B2E9ECD2CCB6AC200DFC9ED /* LaunchScreen.storyboard */; };
		2B2E9ED22CCB6AC200DFC9ED /* main.m in Sources */ = {isa = PBXBuildFile; fileRef = 2B2E9ED12CCB6AC200DFC9ED /* main.m */; };
		2B2E9EDC2CCB6AC200DFC9ED /* UITestTests.m in Sources */ = {isa = PBXBuildFile; fileRef = 2B2E9EDB2CCB6AC200DFC9ED /* UITestTests.m */; };
		2B2E9EE62CCB6AC200DFC9ED /* UITestUITests.m in Sources */ = {isa = PBXBuildFile; fileRef = 2B2E9EE52CCB6AC200DFC9ED /* UITestUITests.m */; };
		2B2E9EE82CCB6AC200DFC9ED /* UITestUITestsLaunchTests.m in Sources */ = {isa = PBXBuildFile; fileRef = 2B2E9EE72CCB6AC200DFC9ED /* UITestUITestsLaunchTests.m */; };
		2B2E9EF82CCB6F8800DFC9ED /* OtherProfileViewController.m in Sources */ = {isa = PBXBuildFile; fileRef = 2B2E9EF62CCB6F8800DFC9ED /* OtherProfileViewController.m */; };
		2B2E9EFF2CCB6F9700DFC9ED /* FeedSlidingScrollView.m in Sources */ = {isa = PBXBuildFile; fileRef = 2B2E9EF92CCB6F9700DFC9ED /* FeedSlidingScrollView.m */; };
		2B2E9F002CCB6F9700DFC9ED /* FeedTableViewController.m in Sources */ = {isa = PBXBuildFile; fileRef = 2B2E9EFC2CCB6F9700DFC9ED /* FeedTableViewController.m */; };
		2B2E9F012CCB6F9700DFC9ED /* FeedSlidingViewController.m in Sources */ = {isa = PBXBuildFile; fileRef = 2B2E9EFD2CCB6F9700DFC9ED /* FeedSlidingViewController.m */; };
		2B2E9F062CCB6FE100DFC9ED /* TabBar.m in Sources */ = {isa = PBXBuildFile; fileRef = 2B2E9F052CCB6FE100DFC9ED /* TabBar.m */; };
		2B2E9F0C2CCB821900DFC9ED /* TransitionManager.m in Sources */ = {isa = PBXBuildFile; fileRef = 2B2E9F0A2CCB821900DFC9ED /* TransitionManager.m */; };
		2B2E9F0D2CCB821900DFC9ED /* UINavigationController+Transition.m in Sources */ = {isa = PBXBuildFile; fileRef = 2B2E9F0B2CCB821900DFC9ED /* UINavigationController+Transition.m */; };
		2B2E9F102CCB90C500DFC9ED /* Feed2ProfileTransition.m in Sources */ = {isa = PBXBuildFile; fileRef = 2B2E9F0F2CCB90C500DFC9ED /* Feed2ProfileTransition.m */; };
		2B2E9F162CCB97C600DFC9ED /* FullScreenPopTransition.m in Sources */ = {isa = PBXBuildFile; fileRef = 2B2E9F152CCB97C600DFC9ED /* FullScreenPopTransition.m */; };
		2B2E9F192CCF3E3A00DFC9ED /* DefaultTransitionDelegate.m in Sources */ = {isa = PBXBuildFile; fileRef = 2B2E9F182CCF3E3A00DFC9ED /* DefaultTransitionDelegate.m */; };
		2B2E9F1C2CCF3F0400DFC9ED /* DefaultPushTransiotion.m in Sources */ = {isa = PBXBuildFile; fileRef = 2B2E9F1B2CCF3F0400DFC9ED /* DefaultPushTransiotion.m */; };
		2B2E9F1F2CCF63B100DFC9ED /* DefaultPopTransiotion.m in Sources */ = {isa = PBXBuildFile; fileRef = 2B2E9F1E2CCF63B100DFC9ED /* DefaultPopTransiotion.m */; };
		2B456A232D0AF9CD00E1816C /* DetailTableViewController.m in Sources */ = {isa = PBXBuildFile; fileRef = 2B456A222D0AF9CD00E1816C /* DetailTableViewController.m */; };
		2B456A262D0AFC0D00E1816C /* UIViewController+Transition.m in Sources */ = {isa = PBXBuildFile; fileRef = 2B456A252D0AFC0D00E1816C /* UIViewController+Transition.m */; };
		2B5017C72D1980520076C4BB /* DonateIntent.intentdefinition in Sources */ = {isa = PBXBuildFile; fileRef = 2B5017C62D1980520076C4BB /* DonateIntent.intentdefinition */; };
		2B57A53C2CFF1F62006883B6 /* CollectionViewCell.m in Sources */ = {isa = PBXBuildFile; fileRef = 2B57A53B2CFF1F62006883B6 /* CollectionViewCell.m */; };
		2B57A5402CFF25FD006883B6 /* CollectionViewCell1.m in Sources */ = {isa = PBXBuildFile; fileRef = 2B57A53F2CFF25FD006883B6 /* CollectionViewCell1.m */; };
		2B57A5432CFF2608006883B6 /* CollectionViewCell2.m in Sources */ = {isa = PBXBuildFile; fileRef = 2B57A5422CFF2608006883B6 /* CollectionViewCell2.m */; };
		2B57A5462CFF2616006883B6 /* CollectionViewCell3.m in Sources */ = {isa = PBXBuildFile; fileRef = 2B57A5452CFF2616006883B6 /* CollectionViewCell3.m */; };
		2B57A54A2D002C48006883B6 /* CustomPagingController.m in Sources */ = {isa = PBXBuildFile; fileRef = 2B57A5492D002C48006883B6 /* CustomPagingController.m */; };
		2B57A54D2D00552F006883B6 /* CustomPagingControllerAnimation.m in Sources */ = {isa = PBXBuildFile; fileRef = 2B57A54C2D00552F006883B6 /* CustomPagingControllerAnimation.m */; };
		2B9B5E232D23AF70005A3B20 /* UIView+hook.m in Sources */ = {isa = PBXBuildFile; fileRef = 2B9B5E222D23AF70005A3B20 /* UIView+hook.m */; };
		2BB1158A2CF59B5C008F6D40 /* InboxVC.m in Sources */ = {isa = PBXBuildFile; fileRef = 2BB115892CF59B5C008F6D40 /* InboxVC.m */; };
		2BB1158E2CF5BD03008F6D40 /* RunLoopFluencyMonitor.m in Sources */ = {isa = PBXBuildFile; fileRef = 2BB1158D2CF5BD03008F6D40 /* RunLoopFluencyMonitor.m */; };
		2BB115912CF5CE43008F6D40 /* DisplayLinkFluencyMonitor.m in Sources */ = {isa = PBXBuildFile; fileRef = 2BB115902CF5CE43008F6D40 /* DisplayLinkFluencyMonitor.m */; };
		2BB115942CF6F2DD008F6D40 /* AnimationVC.m in Sources */ = {isa = PBXBuildFile; fileRef = 2BB115932CF6F2DD008F6D40 /* AnimationVC.m */; };
		2BB115982CF6F769008F6D40 /* CollectionVC.m in Sources */ = {isa = PBXBuildFile; fileRef = 2BB115972CF6F769008F6D40 /* CollectionVC.m */; };
		2BB1159B2CF6F84E008F6D40 /* MyLayout.m in Sources */ = {isa = PBXBuildFile; fileRef = 2BB1159A2CF6F84E008F6D40 /* MyLayout.m */; };
		2BB1159E2CF7025B008F6D40 /* OnlineImageView.m in Sources */ = {isa = PBXBuildFile; fileRef = 2BB1159D2CF7025B008F6D40 /* OnlineImageView.m */; };
		2BB78ECA2CD38DCA0056DBB9 /* TestTouchView.m in Sources */ = {isa = PBXBuildFile; fileRef = 2BB78EC92CD38DCA0056DBB9 /* TestTouchView.m */; };
		2BB797FD2CDA23280056DBB9 /* Responder.m in Sources */ = {isa = PBXBuildFile; fileRef = 2BB797FC2CDA23280056DBB9 /* Responder.m */; };
		2BCA7C142D151C2200FD487A /* MethodTest.m in Sources */ = {isa = PBXBuildFile; fileRef = 2BCA7C132D151C2200FD487A /* MethodTest.m */; };
		2BCA7C172D156DD300FD487A /* AppOrderFiles.m in Sources */ = {isa = PBXBuildFile; fileRef = 2BCA7C162D156DD300FD487A /* AppOrderFiles.m */; };
		2BE5E3982CD357E700651685 /* UIGestureRecognizer+Test.m in Sources */ = {isa = PBXBuildFile; fileRef = 2BE5E3972CD357E700651685 /* UIGestureRecognizer+Test.m */; };
		2BE5E39F2CD3617100651685 /* ProfileMaskView.m in Sources */ = {isa = PBXBuildFile; fileRef = 2BE5E39E2CD3617100651685 /* ProfileMaskView.m */; };
		2BF063842CD3896B00A2B3F1 /* FriendsVC.m in Sources */ = {isa = PBXBuildFile; fileRef = 2BF063832CD3896B00A2B3F1 /* FriendsVC.m */; };
/* End PBXBuildFile section */

/* Begin PBXContainerItemProxy section */
		2B2E9ED82CCB6AC200DFC9ED /* PBXContainerItemProxy */ = {
			isa = PBXContainerItemProxy;
			containerPortal = 2B2E9EB42CCB6AC100DFC9ED /* Project object */;
			proxyType = 1;
			remoteGlobalIDString = 2B2E9EBB2CCB6AC100DFC9ED;
			remoteInfo = UITest;
		};
		2B2E9EE22CCB6AC200DFC9ED /* PBXContainerItemProxy */ = {
			isa = PBXContainerItemProxy;
			containerPortal = 2B2E9EB42CCB6AC100DFC9ED /* Project object */;
			proxyType = 1;
			remoteGlobalIDString = 2B2E9EBB2CCB6AC100DFC9ED;
			remoteInfo = UITest;
		};
/* End PBXContainerItemProxy section */

/* Begin PBXCopyFilesBuildPhase section */
		2BA8C4022D426BB100C3E0A9 /* Embed Foundation Extensions */ = {
			isa = PBXCopyFilesBuildPhase;
			buildActionMask = 2147483647;
			dstPath = "";
			dstSubfolderSpec = 13;
			files = (
			);
			name = "Embed Foundation Extensions";
			runOnlyForDeploymentPostprocessing = 0;
		};
/* End PBXCopyFilesBuildPhase section */

/* Begin PBXFileReference section */
		2B0F97D42D19371500E6477B /* order.order */ = {isa = PBXFileReference; lastKnownFileType = text; path = order.order; sourceTree = "<group>"; };
		2B12993C2CFEB7460003F3CF /* ThreadTest.h */ = {isa = PBXFileReference; lastKnownFileType = sourcecode.c.h; path = ThreadTest.h; sourceTree = "<group>"; };
		2B12993D2CFEB7460003F3CF /* ThreadTest.m */ = {isa = PBXFileReference; lastKnownFileType = sourcecode.c.objc; path = ThreadTest.m; sourceTree = "<group>"; };
		2B2E9EBC2CCB6AC100DFC9ED /* UITest.app */ = {isa = PBXFileReference; explicitFileType = wrapper.application; includeInIndex = 0; path = UITest.app; sourceTree = BUILT_PRODUCTS_DIR; };
		2B2E9EBF2CCB6AC100DFC9ED /* AppDelegate.h */ = {isa = PBXFileReference; lastKnownFileType = sourcecode.c.h; path = AppDelegate.h; sourceTree = "<group>"; };
		2B2E9EC02CCB6AC100DFC9ED /* AppDelegate.m */ = {isa = PBXFileReference; lastKnownFileType = sourcecode.c.objc; path = AppDelegate.m; sourceTree = "<group>"; };
		2B2E9EC22CCB6AC100DFC9ED /* SceneDelegate.h */ = {isa = PBXFileReference; lastKnownFileType = sourcecode.c.h; path = SceneDelegate.h; sourceTree = "<group>"; };
		2B2E9EC32CCB6AC100DFC9ED /* SceneDelegate.m */ = {isa = PBXFileReference; lastKnownFileType = sourcecode.c.objc; path = SceneDelegate.m; sourceTree = "<group>"; };
		2B2E9EC52CCB6AC100DFC9ED /* ViewController.h */ = {isa = PBXFileReference; lastKnownFileType = sourcecode.c.h; path = ViewController.h; sourceTree = "<group>"; };
		2B2E9EC62CCB6AC100DFC9ED /* ViewController.m */ = {isa = PBXFileReference; lastKnownFileType = sourcecode.c.objc; path = ViewController.m; sourceTree = "<group>"; };
		2B2E9ECB2CCB6AC200DFC9ED /* Assets.xcassets */ = {isa = PBXFileReference; lastKnownFileType = folder.assetcatalog; path = Assets.xcassets; sourceTree = "<group>"; };
		2B2E9ECE2CCB6AC200DFC9ED /* Base */ = {isa = PBXFileReference; lastKnownFileType = file.storyboard; name = Base; path = Base.lproj/LaunchScreen.storyboard; sourceTree = "<group>"; };
		2B2E9ED02CCB6AC200DFC9ED /* Info.plist */ = {isa = PBXFileReference; lastKnownFileType = text.plist.xml; path = Info.plist; sourceTree = "<group>"; };
		2B2E9ED12CCB6AC200DFC9ED /* main.m */ = {isa = PBXFileReference; lastKnownFileType = sourcecode.c.objc; path = main.m; sourceTree = "<group>"; };
		2B2E9ED72CCB6AC200DFC9ED /* UITestTests.xctest */ = {isa = PBXFileReference; explicitFileType = wrapper.cfbundle; includeInIndex = 0; path = UITestTests.xctest; sourceTree = BUILT_PRODUCTS_DIR; };
		2B2E9EDB2CCB6AC200DFC9ED /* UITestTests.m */ = {isa = PBXFileReference; lastKnownFileType = sourcecode.c.objc; path = UITestTests.m; sourceTree = "<group>"; };
		2B2E9EE12CCB6AC200DFC9ED /* UITestUITests.xctest */ = {isa = PBXFileReference; explicitFileType = wrapper.cfbundle; includeInIndex = 0; path = UITestUITests.xctest; sourceTree = BUILT_PRODUCTS_DIR; };
		2B2E9EE52CCB6AC200DFC9ED /* UITestUITests.m */ = {isa = PBXFileReference; lastKnownFileType = sourcecode.c.objc; path = UITestUITests.m; sourceTree = "<group>"; };
		2B2E9EE72CCB6AC200DFC9ED /* UITestUITestsLaunchTests.m */ = {isa = PBXFileReference; lastKnownFileType = sourcecode.c.objc; path = UITestUITestsLaunchTests.m; sourceTree = "<group>"; };
		2B2E9EF62CCB6F8800DFC9ED /* OtherProfileViewController.m */ = {isa = PBXFileReference; fileEncoding = 4; lastKnownFileType = sourcecode.c.objc; path = OtherProfileViewController.m; sourceTree = "<group>"; };
		2B2E9EF72CCB6F8800DFC9ED /* OtherProfileViewController.h */ = {isa = PBXFileReference; fileEncoding = 4; lastKnownFileType = sourcecode.c.h; path = OtherProfileViewController.h; sourceTree = "<group>"; };
		2B2E9EF92CCB6F9700DFC9ED /* FeedSlidingScrollView.m */ = {isa = PBXFileReference; fileEncoding = 4; lastKnownFileType = sourcecode.c.objc; path = FeedSlidingScrollView.m; sourceTree = "<group>"; };
		2B2E9EFA2CCB6F9700DFC9ED /* FeedSlidingViewController.h */ = {isa = PBXFileReference; fileEncoding = 4; lastKnownFileType = sourcecode.c.h; path = FeedSlidingViewController.h; sourceTree = "<group>"; };
		2B2E9EFB2CCB6F9700DFC9ED /* FeedSlidingScrollView.h */ = {isa = PBXFileReference; fileEncoding = 4; lastKnownFileType = sourcecode.c.h; path = FeedSlidingScrollView.h; sourceTree = "<group>"; };
		2B2E9EFC2CCB6F9700DFC9ED /* FeedTableViewController.m */ = {isa = PBXFileReference; fileEncoding = 4; lastKnownFileType = sourcecode.c.objc; path = FeedTableViewController.m; sourceTree = "<group>"; };
		2B2E9EFD2CCB6F9700DFC9ED /* FeedSlidingViewController.m */ = {isa = PBXFileReference; fileEncoding = 4; lastKnownFileType = sourcecode.c.objc; path = FeedSlidingViewController.m; sourceTree = "<group>"; };
		2B2E9EFE2CCB6F9700DFC9ED /* FeedTableViewController.h */ = {isa = PBXFileReference; fileEncoding = 4; lastKnownFileType = sourcecode.c.h; path = FeedTableViewController.h; sourceTree = "<group>"; };
		2B2E9F042CCB6FE100DFC9ED /* TabBar.h */ = {isa = PBXFileReference; lastKnownFileType = sourcecode.c.h; path = TabBar.h; sourceTree = "<group>"; };
		2B2E9F052CCB6FE100DFC9ED /* TabBar.m */ = {isa = PBXFileReference; lastKnownFileType = sourcecode.c.objc; path = TabBar.m; sourceTree = "<group>"; };
		2B2E9F082CCB821900DFC9ED /* UINavigationController+Transition.h */ = {isa = PBXFileReference; fileEncoding = 4; lastKnownFileType = sourcecode.c.h; path = "UINavigationController+Transition.h"; sourceTree = "<group>"; };
		2B2E9F092CCB821900DFC9ED /* TransitionManager.h */ = {isa = PBXFileReference; fileEncoding = 4; lastKnownFileType = sourcecode.c.h; path = TransitionManager.h; sourceTree = "<group>"; };
		2B2E9F0A2CCB821900DFC9ED /* TransitionManager.m */ = {isa = PBXFileReference; fileEncoding = 4; lastKnownFileType = sourcecode.c.objc; path = TransitionManager.m; sourceTree = "<group>"; };
		2B2E9F0B2CCB821900DFC9ED /* UINavigationController+Transition.m */ = {isa = PBXFileReference; fileEncoding = 4; lastKnownFileType = sourcecode.c.objc; path = "UINavigationController+Transition.m"; sourceTree = "<group>"; };
		2B2E9F0E2CCB90C500DFC9ED /* Feed2ProfileTransition.h */ = {isa = PBXFileReference; lastKnownFileType = sourcecode.c.h; path = Feed2ProfileTransition.h; sourceTree = "<group>"; };
		2B2E9F0F2CCB90C500DFC9ED /* Feed2ProfileTransition.m */ = {isa = PBXFileReference; lastKnownFileType = sourcecode.c.objc; path = Feed2ProfileTransition.m; sourceTree = "<group>"; };
		2B2E9F142CCB97C600DFC9ED /* FullScreenPopTransition.h */ = {isa = PBXFileReference; lastKnownFileType = sourcecode.c.h; path = FullScreenPopTransition.h; sourceTree = "<group>"; };
		2B2E9F152CCB97C600DFC9ED /* FullScreenPopTransition.m */ = {isa = PBXFileReference; lastKnownFileType = sourcecode.c.objc; path = FullScreenPopTransition.m; sourceTree = "<group>"; };
		2B2E9F172CCF3E3A00DFC9ED /* DefaultTransitionDelegate.h */ = {isa = PBXFileReference; lastKnownFileType = sourcecode.c.h; path = DefaultTransitionDelegate.h; sourceTree = "<group>"; };
		2B2E9F182CCF3E3A00DFC9ED /* DefaultTransitionDelegate.m */ = {isa = PBXFileReference; lastKnownFileType = sourcecode.c.objc; path = DefaultTransitionDelegate.m; sourceTree = "<group>"; };
		2B2E9F1A2CCF3F0400DFC9ED /* DefaultPushTransiotion.h */ = {isa = PBXFileReference; lastKnownFileType = sourcecode.c.h; path = DefaultPushTransiotion.h; sourceTree = "<group>"; };
		2B2E9F1B2CCF3F0400DFC9ED /* DefaultPushTransiotion.m */ = {isa = PBXFileReference; lastKnownFileType = sourcecode.c.objc; path = DefaultPushTransiotion.m; sourceTree = "<group>"; };
		2B2E9F1D2CCF63B100DFC9ED /* DefaultPopTransiotion.h */ = {isa = PBXFileReference; lastKnownFileType = sourcecode.c.h; path = DefaultPopTransiotion.h; sourceTree = "<group>"; };
		2B2E9F1E2CCF63B100DFC9ED /* DefaultPopTransiotion.m */ = {isa = PBXFileReference; lastKnownFileType = sourcecode.c.objc; path = DefaultPopTransiotion.m; sourceTree = "<group>"; };
		2B456A212D0AF9CD00E1816C /* DetailTableViewController.h */ = {isa = PBXFileReference; lastKnownFileType = sourcecode.c.h; path = DetailTableViewController.h; sourceTree = "<group>"; };
		2B456A222D0AF9CD00E1816C /* DetailTableViewController.m */ = {isa = PBXFileReference; lastKnownFileType = sourcecode.c.objc; path = DetailTableViewController.m; sourceTree = "<group>"; };
		2B456A242D0AFC0D00E1816C /* UIViewController+Transition.h */ = {isa = PBXFileReference; lastKnownFileType = sourcecode.c.h; path = "UIViewController+Transition.h"; sourceTree = "<group>"; };
		2B456A252D0AFC0D00E1816C /* UIViewController+Transition.m */ = {isa = PBXFileReference; lastKnownFileType = sourcecode.c.objc; path = "UIViewController+Transition.m"; sourceTree = "<group>"; };
		2B5017C62D1980520076C4BB /* DonateIntent.intentdefinition */ = {isa = PBXFileReference; lastKnownFileType = file.intentdefinition; path = DonateIntent.intentdefinition; sourceTree = "<group>"; };
		2B57A53A2CFF1F62006883B6 /* CollectionViewCell.h */ = {isa = PBXFileReference; lastKnownFileType = sourcecode.c.h; path = CollectionViewCell.h; sourceTree = "<group>"; };
		2B57A53B2CFF1F62006883B6 /* CollectionViewCell.m */ = {isa = PBXFileReference; lastKnownFileType = sourcecode.c.objc; path = CollectionViewCell.m; sourceTree = "<group>"; };
		2B57A53E2CFF25FD006883B6 /* CollectionViewCell1.h */ = {isa = PBXFileReference; lastKnownFileType = sourcecode.c.h; path = CollectionViewCell1.h; sourceTree = "<group>"; };
		2B57A53F2CFF25FD006883B6 /* CollectionViewCell1.m */ = {isa = PBXFileReference; lastKnownFileType = sourcecode.c.objc; path = CollectionViewCell1.m; sourceTree = "<group>"; };
		2B57A5412CFF2608006883B6 /* CollectionViewCell2.h */ = {isa = PBXFileReference; lastKnownFileType = sourcecode.c.h; path = CollectionViewCell2.h; sourceTree = "<group>"; };
		2B57A5422CFF2608006883B6 /* CollectionViewCell2.m */ = {isa = PBXFileReference; lastKnownFileType = sourcecode.c.objc; path = CollectionViewCell2.m; sourceTree = "<group>"; };
		2B57A5442CFF2616006883B6 /* CollectionViewCell3.h */ = {isa = PBXFileReference; lastKnownFileType = sourcecode.c.h; path = CollectionViewCell3.h; sourceTree = "<group>"; };
		2B57A5452CFF2616006883B6 /* CollectionViewCell3.m */ = {isa = PBXFileReference; lastKnownFileType = sourcecode.c.objc; path = CollectionViewCell3.m; sourceTree = "<group>"; };
		2B57A5482D002C48006883B6 /* CustomPagingController.h */ = {isa = PBXFileReference; lastKnownFileType = sourcecode.c.h; path = CustomPagingController.h; sourceTree = "<group>"; };
		2B57A5492D002C48006883B6 /* CustomPagingController.m */ = {isa = PBXFileReference; lastKnownFileType = sourcecode.c.objc; path = CustomPagingController.m; sourceTree = "<group>"; };
		2B57A54B2D00552F006883B6 /* CustomPagingControllerAnimation.h */ = {isa = PBXFileReference; lastKnownFileType = sourcecode.c.h; path = CustomPagingControllerAnimation.h; sourceTree = "<group>"; };
		2B57A54C2D00552F006883B6 /* CustomPagingControllerAnimation.m */ = {isa = PBXFileReference; lastKnownFileType = sourcecode.c.objc; path = CustomPagingControllerAnimation.m; sourceTree = "<group>"; };
		2B57A54E2D0057A4006883B6 /* CustomPagingControllerProtocol.h */ = {isa = PBXFileReference; lastKnownFileType = sourcecode.c.h; path = CustomPagingControllerProtocol.h; sourceTree = "<group>"; };
		2B9B5E212D23AF70005A3B20 /* UIView+hook.h */ = {isa = PBXFileReference; lastKnownFileType = sourcecode.c.h; path = "UIView+hook.h"; sourceTree = "<group>"; };
		2B9B5E222D23AF70005A3B20 /* UIView+hook.m */ = {isa = PBXFileReference; lastKnownFileType = sourcecode.c.objc; path = "UIView+hook.m"; sourceTree = "<group>"; };
		2BA8C3DE2D426BB000C3E0A9 /* Intents.framework */ = {isa = PBXFileReference; lastKnownFileType = wrapper.framework; name = Intents.framework; path = System/Library/Frameworks/Intents.framework; sourceTree = SDKROOT; };
		2BA8C3EA2D426BB000C3E0A9 /* IntentsUI.framework */ = {isa = PBXFileReference; lastKnownFileType = wrapper.framework; name = IntentsUI.framework; path = System/Library/Frameworks/IntentsUI.framework; sourceTree = SDKROOT; };
		2BB115882CF59B5C008F6D40 /* InboxVC.h */ = {isa = PBXFileReference; lastKnownFileType = sourcecode.c.h; path = InboxVC.h; sourceTree = "<group>"; };
		2BB115892CF59B5C008F6D40 /* InboxVC.m */ = {isa = PBXFileReference; lastKnownFileType = sourcecode.c.objc; path = InboxVC.m; sourceTree = "<group>"; };
		2BB1158C2CF5BD03008F6D40 /* RunLoopFluencyMonitor.h */ = {isa = PBXFileReference; lastKnownFileType = sourcecode.c.h; path = RunLoopFluencyMonitor.h; sourceTree = "<group>"; };
		2BB1158D2CF5BD03008F6D40 /* RunLoopFluencyMonitor.m */ = {isa = PBXFileReference; lastKnownFileType = sourcecode.c.objc; path = RunLoopFluencyMonitor.m; sourceTree = "<group>"; };
		2BB1158F2CF5CE43008F6D40 /* DisplayLinkFluencyMonitor.h */ = {isa = PBXFileReference; lastKnownFileType = sourcecode.c.h; path = DisplayLinkFluencyMonitor.h; sourceTree = "<group>"; };
		2BB115902CF5CE43008F6D40 /* DisplayLinkFluencyMonitor.m */ = {isa = PBXFileReference; lastKnownFileType = sourcecode.c.objc; path = DisplayLinkFluencyMonitor.m; sourceTree = "<group>"; };
		2BB115922CF6F2DD008F6D40 /* AnimationVC.h */ = {isa = PBXFileReference; lastKnownFileType = sourcecode.c.h; path = AnimationVC.h; sourceTree = "<group>"; };
		2BB115932CF6F2DD008F6D40 /* AnimationVC.m */ = {isa = PBXFileReference; lastKnownFileType = sourcecode.c.objc; path = AnimationVC.m; sourceTree = "<group>"; };
		2BB115962CF6F769008F6D40 /* CollectionVC.h */ = {isa = PBXFileReference; lastKnownFileType = sourcecode.c.h; path = CollectionVC.h; sourceTree = "<group>"; };
		2BB115972CF6F769008F6D40 /* CollectionVC.m */ = {isa = PBXFileReference; lastKnownFileType = sourcecode.c.objc; path = CollectionVC.m; sourceTree = "<group>"; };
		2BB115992CF6F84E008F6D40 /* MyLayout.h */ = {isa = PBXFileReference; lastKnownFileType = sourcecode.c.h; path = MyLayout.h; sourceTree = "<group>"; };
		2BB1159A2CF6F84E008F6D40 /* MyLayout.m */ = {isa = PBXFileReference; lastKnownFileType = sourcecode.c.objc; path = MyLayout.m; sourceTree = "<group>"; };
		2BB1159C2CF7025B008F6D40 /* OnlineImageView.h */ = {isa = PBXFileReference; lastKnownFileType = sourcecode.c.h; path = OnlineImageView.h; sourceTree = "<group>"; };
		2BB1159D2CF7025B008F6D40 /* OnlineImageView.m */ = {isa = PBXFileReference; lastKnownFileType = sourcecode.c.objc; path = OnlineImageView.m; sourceTree = "<group>"; };
		2BB78EC82CD38DCA0056DBB9 /* TestTouchView.h */ = {isa = PBXFileReference; lastKnownFileType = sourcecode.c.h; path = TestTouchView.h; sourceTree = "<group>"; };
		2BB78EC92CD38DCA0056DBB9 /* TestTouchView.m */ = {isa = PBXFileReference; lastKnownFileType = sourcecode.c.objc; path = TestTouchView.m; sourceTree = "<group>"; };
		2BB797FB2CDA23280056DBB9 /* Responder.h */ = {isa = PBXFileReference; lastKnownFileType = sourcecode.c.h; path = Responder.h; sourceTree = "<group>"; };
		2BB797FC2CDA23280056DBB9 /* Responder.m */ = {isa = PBXFileReference; lastKnownFileType = sourcecode.c.objc; path = Responder.m; sourceTree = "<group>"; };
		2BCA7C122D151C2200FD487A /* MethodTest.h */ = {isa = PBXFileReference; lastKnownFileType = sourcecode.c.h; path = MethodTest.h; sourceTree = "<group>"; };
		2BCA7C132D151C2200FD487A /* MethodTest.m */ = {isa = PBXFileReference; lastKnownFileType = sourcecode.c.objc; path = MethodTest.m; sourceTree = "<group>"; };
		2BCA7C152D156DD300FD487A /* AppOrderFiles.h */ = {isa = PBXFileReference; lastKnownFileType = sourcecode.c.h; path = AppOrderFiles.h; sourceTree = "<group>"; };
		2BCA7C162D156DD300FD487A /* AppOrderFiles.m */ = {isa = PBXFileReference; lastKnownFileType = sourcecode.c.objc; path = AppOrderFiles.m; sourceTree = "<group>"; };
		2BE5E3962CD357E700651685 /* UIGestureRecognizer+Test.h */ = {isa = PBXFileReference; lastKnownFileType = sourcecode.c.h; path = "UIGestureRecognizer+Test.h"; sourceTree = "<group>"; };
		2BE5E3972CD357E700651685 /* UIGestureRecognizer+Test.m */ = {isa = PBXFileReference; lastKnownFileType = sourcecode.c.objc; path = "UIGestureRecognizer+Test.m"; sourceTree = "<group>"; };
		2BE5E39D2CD3617100651685 /* ProfileMaskView.h */ = {isa = PBXFileReference; lastKnownFileType = sourcecode.c.h; path = ProfileMaskView.h; sourceTree = "<group>"; };
		2BE5E39E2CD3617100651685 /* ProfileMaskView.m */ = {isa = PBXFileReference; lastKnownFileType = sourcecode.c.objc; path = ProfileMaskView.m; sourceTree = "<group>"; };
		2BF063822CD3896B00A2B3F1 /* FriendsVC.h */ = {isa = PBXFileReference; lastKnownFileType = sourcecode.c.h; path = FriendsVC.h; sourceTree = "<group>"; };
		2BF063832CD3896B00A2B3F1 /* FriendsVC.m */ = {isa = PBXFileReference; lastKnownFileType = sourcecode.c.objc; path = FriendsVC.m; sourceTree = "<group>"; };
/* End PBXFileReference section */

/* Begin PBXFrameworksBuildPhase section */
		2B2E9EB92CCB6AC100DFC9ED /* Frameworks */ = {
			isa = PBXFrameworksBuildPhase;
			buildActionMask = 2147483647;
			files = (
			);
			runOnlyForDeploymentPostprocessing = 0;
		};
		2B2E9ED42CCB6AC200DFC9ED /* Frameworks */ = {
			isa = PBXFrameworksBuildPhase;
			buildActionMask = 2147483647;
			files = (
			);
			runOnlyForDeploymentPostprocessing = 0;
		};
		2B2E9EDE2CCB6AC200DFC9ED /* Frameworks */ = {
			isa = PBXFrameworksBuildPhase;
			buildActionMask = 2147483647;
			files = (
			);
			runOnlyForDeploymentPostprocessing = 0;
		};
/* End PBXFrameworksBuildPhase section */

/* Begin PBXGroup section */
		2B12993B2CFEB72C0003F3CF /* Thread */ = {
			isa = PBXGroup;
			children = (
				2B12993C2CFEB7460003F3CF /* ThreadTest.h */,
				2B12993D2CFEB7460003F3CF /* ThreadTest.m */,
			);
			path = Thread;
			sourceTree = "<group>";
		};
		2B2E9EB32CCB6AC100DFC9ED = {
			isa = PBXGroup;
			children = (
				2B0F97D42D19371500E6477B /* order.order */,
				2B2E9EBE2CCB6AC100DFC9ED /* UITest */,
				2B2E9EDA2CCB6AC200DFC9ED /* UITestTests */,
				2B2E9EE42CCB6AC200DFC9ED /* UITestUITests */,
				2BA8C3DD2D426BB000C3E0A9 /* Frameworks */,
				2B2E9EBD2CCB6AC100DFC9ED /* Products */,
			);
			sourceTree = "<group>";
		};
		2B2E9EBD2CCB6AC100DFC9ED /* Products */ = {
			isa = PBXGroup;
			children = (
				2B2E9EBC2CCB6AC100DFC9ED /* UITest.app */,
				2B2E9ED72CCB6AC200DFC9ED /* UITestTests.xctest */,
				2B2E9EE12CCB6AC200DFC9ED /* UITestUITests.xctest */,
			);
			name = Products;
			sourceTree = "<group>";
		};
		2B2E9EBE2CCB6AC100DFC9ED /* UITest */ = {
			isa = PBXGroup;
			children = (
				2B5017C52D19802A0076C4BB /* Intent */,
				2BCA7C112D151C0600FD487A /* Method */,
				2B12993B2CFEB72C0003F3CF /* Thread */,
				2BB1158B2CF5BCDA008F6D40 /* Fluency */,
				2BB115872CF59B18008F6D40 /* Inbox */,
				2BB793112CD871460056DBB9 /* Tab */,
				2BF063812CD3892A00A2B3F1 /* Friends */,
				2B2E9F072CCB81CF00DFC9ED /* Transition */,
				2B2E9EF42CCB6ED400DFC9ED /* Feed */,
				2B2E9EBF2CCB6AC100DFC9ED /* AppDelegate.h */,
				2B2E9EC02CCB6AC100DFC9ED /* AppDelegate.m */,
				2B2E9EC22CCB6AC100DFC9ED /* SceneDelegate.h */,
				2B2E9EC32CCB6AC100DFC9ED /* SceneDelegate.m */,
				2B2E9EC52CCB6AC100DFC9ED /* ViewController.h */,
				2B2E9EC62CCB6AC100DFC9ED /* ViewController.m */,
				2B2E9ECB2CCB6AC200DFC9ED /* Assets.xcassets */,
				2B2E9ECD2CCB6AC200DFC9ED /* LaunchScreen.storyboard */,
				2B2E9ED02CCB6AC200DFC9ED /* Info.plist */,
				2B2E9ED12CCB6AC200DFC9ED /* main.m */,
				2BB797FB2CDA23280056DBB9 /* Responder.h */,
				2BB797FC2CDA23280056DBB9 /* Responder.m */,
			);
			path = UITest;
			sourceTree = "<group>";
		};
		2B2E9EDA2CCB6AC200DFC9ED /* UITestTests */ = {
			isa = PBXGroup;
			children = (
				2B2E9EDB2CCB6AC200DFC9ED /* UITestTests.m */,
			);
			path = UITestTests;
			sourceTree = "<group>";
		};
		2B2E9EE42CCB6AC200DFC9ED /* UITestUITests */ = {
			isa = PBXGroup;
			children = (
				2B2E9EE52CCB6AC200DFC9ED /* UITestUITests.m */,
				2B2E9EE72CCB6AC200DFC9ED /* UITestUITestsLaunchTests.m */,
			);
			path = UITestUITests;
			sourceTree = "<group>";
		};
		2B2E9EF42CCB6ED400DFC9ED /* Feed */ = {
			isa = PBXGroup;
			children = (
				2B57A5472D002C2E006883B6 /* Paging */,
				2B2E9EF52CCB6F2500DFC9ED /* Profile */,
				2B2E9EFB2CCB6F9700DFC9ED /* FeedSlidingScrollView.h */,
				2B2E9EF92CCB6F9700DFC9ED /* FeedSlidingScrollView.m */,
				2B2E9EFA2CCB6F9700DFC9ED /* FeedSlidingViewController.h */,
				2B2E9EFD2CCB6F9700DFC9ED /* FeedSlidingViewController.m */,
				2B2E9EFE2CCB6F9700DFC9ED /* FeedTableViewController.h */,
				2B2E9EFC2CCB6F9700DFC9ED /* FeedTableViewController.m */,
				2B2E9F0E2CCB90C500DFC9ED /* Feed2ProfileTransition.h */,
				2B2E9F0F2CCB90C500DFC9ED /* Feed2ProfileTransition.m */,
				2B2E9F142CCB97C600DFC9ED /* FullScreenPopTransition.h */,
				2B2E9F152CCB97C600DFC9ED /* FullScreenPopTransition.m */,
			);
			path = Feed;
			sourceTree = "<group>";
		};
		2B2E9EF52CCB6F2500DFC9ED /* Profile */ = {
			isa = PBXGroup;
			children = (
				2B2E9EF72CCB6F8800DFC9ED /* OtherProfileViewController.h */,
				2B2E9EF62CCB6F8800DFC9ED /* OtherProfileViewController.m */,
				2BE5E39D2CD3617100651685 /* ProfileMaskView.h */,
				2BE5E39E2CD3617100651685 /* ProfileMaskView.m */,
				2B456A212D0AF9CD00E1816C /* DetailTableViewController.h */,
				2B456A222D0AF9CD00E1816C /* DetailTableViewController.m */,
			);
			path = Profile;
			sourceTree = "<group>";
		};
		2B2E9F072CCB81CF00DFC9ED /* Transition */ = {
			isa = PBXGroup;
			children = (
				2B2E9F092CCB821900DFC9ED /* TransitionManager.h */,
				2B2E9F0A2CCB821900DFC9ED /* TransitionManager.m */,
				2B2E9F082CCB821900DFC9ED /* UINavigationController+Transition.h */,
				2B2E9F0B2CCB821900DFC9ED /* UINavigationController+Transition.m */,
				2B2E9F172CCF3E3A00DFC9ED /* DefaultTransitionDelegate.h */,
				2B2E9F182CCF3E3A00DFC9ED /* DefaultTransitionDelegate.m */,
				2B2E9F1A2CCF3F0400DFC9ED /* DefaultPushTransiotion.h */,
				2B2E9F1B2CCF3F0400DFC9ED /* DefaultPushTransiotion.m */,
				2B2E9F1D2CCF63B100DFC9ED /* DefaultPopTransiotion.h */,
				2B2E9F1E2CCF63B100DFC9ED /* DefaultPopTransiotion.m */,
				2BE5E3962CD357E700651685 /* UIGestureRecognizer+Test.h */,
				2BE5E3972CD357E700651685 /* UIGestureRecognizer+Test.m */,
				2B456A242D0AFC0D00E1816C /* UIViewController+Transition.h */,
				2B456A252D0AFC0D00E1816C /* UIViewController+Transition.m */,
				2B9B5E212D23AF70005A3B20 /* UIView+hook.h */,
				2B9B5E222D23AF70005A3B20 /* UIView+hook.m */,
			);
			path = Transition;
			sourceTree = "<group>";
		};
		2B5017C52D19802A0076C4BB /* Intent */ = {
			isa = PBXGroup;
			children = (
				2B5017C62D1980520076C4BB /* DonateIntent.intentdefinition */,
			);
			path = Intent;
			sourceTree = "<group>";
		};
		2B57A53D2CFF25D4006883B6 /* Cell */ = {
			isa = PBXGroup;
			children = (
				2B57A53E2CFF25FD006883B6 /* CollectionViewCell1.h */,
				2B57A53F2CFF25FD006883B6 /* CollectionViewCell1.m */,
				2B57A5412CFF2608006883B6 /* CollectionViewCell2.h */,
				2B57A5422CFF2608006883B6 /* CollectionViewCell2.m */,
				2B57A5442CFF2616006883B6 /* CollectionViewCell3.h */,
				2B57A5452CFF2616006883B6 /* CollectionViewCell3.m */,
			);
			path = Cell;
			sourceTree = "<group>";
		};
		2B57A5472D002C2E006883B6 /* Paging */ = {
			isa = PBXGroup;
			children = (
				2B57A5482D002C48006883B6 /* CustomPagingController.h */,
				2B57A5492D002C48006883B6 /* CustomPagingController.m */,
				2B57A54B2D00552F006883B6 /* CustomPagingControllerAnimation.h */,
				2B57A54C2D00552F006883B6 /* CustomPagingControllerAnimation.m */,
				2B57A54E2D0057A4006883B6 /* CustomPagingControllerProtocol.h */,
			);
			path = Paging;
			sourceTree = "<group>";
		};
		2BA8C3DD2D426BB000C3E0A9 /* Frameworks */ = {
			isa = PBXGroup;
			children = (
				2BA8C3DE2D426BB000C3E0A9 /* Intents.framework */,
				2BA8C3EA2D426BB000C3E0A9 /* IntentsUI.framework */,
			);
			name = Frameworks;
			sourceTree = "<group>";
		};
		2BB115872CF59B18008F6D40 /* Inbox */ = {
			isa = PBXGroup;
			children = (
				2BB115952CF6F749008F6D40 /* CollectionVC */,
				2BB115882CF59B5C008F6D40 /* InboxVC.h */,
				2BB115892CF59B5C008F6D40 /* InboxVC.m */,
				2BB115922CF6F2DD008F6D40 /* AnimationVC.h */,
				2BB115932CF6F2DD008F6D40 /* AnimationVC.m */,
			);
			path = Inbox;
			sourceTree = "<group>";
		};
		2BB1158B2CF5BCDA008F6D40 /* Fluency */ = {
			isa = PBXGroup;
			children = (
				2BB1158C2CF5BD03008F6D40 /* RunLoopFluencyMonitor.h */,
				2BB1158D2CF5BD03008F6D40 /* RunLoopFluencyMonitor.m */,
				2BB1158F2CF5CE43008F6D40 /* DisplayLinkFluencyMonitor.h */,
				2BB115902CF5CE43008F6D40 /* DisplayLinkFluencyMonitor.m */,
			);
			path = Fluency;
			sourceTree = "<group>";
		};
		2BB115952CF6F749008F6D40 /* CollectionVC */ = {
			isa = PBXGroup;
			children = (
				2B57A53D2CFF25D4006883B6 /* Cell */,
				2BB115962CF6F769008F6D40 /* CollectionVC.h */,
				2BB115972CF6F769008F6D40 /* CollectionVC.m */,
				2BB115992CF6F84E008F6D40 /* MyLayout.h */,
				2BB1159A2CF6F84E008F6D40 /* MyLayout.m */,
				2BB1159C2CF7025B008F6D40 /* OnlineImageView.h */,
				2BB1159D2CF7025B008F6D40 /* OnlineImageView.m */,
				2B57A53A2CFF1F62006883B6 /* CollectionViewCell.h */,
				2B57A53B2CFF1F62006883B6 /* CollectionViewCell.m */,
			);
			path = CollectionVC;
			sourceTree = "<group>";
		};
		2BB793112CD871460056DBB9 /* Tab */ = {
			isa = PBXGroup;
			children = (
				2B2E9F042CCB6FE100DFC9ED /* TabBar.h */,
				2B2E9F052CCB6FE100DFC9ED /* TabBar.m */,
			);
			path = Tab;
			sourceTree = "<group>";
		};
		2BCA7C112D151C0600FD487A /* Method */ = {
			isa = PBXGroup;
			children = (
				2BCA7C122D151C2200FD487A /* MethodTest.h */,
				2BCA7C132D151C2200FD487A /* MethodTest.m */,
				2BCA7C152D156DD300FD487A /* AppOrderFiles.h */,
				2BCA7C162D156DD300FD487A /* AppOrderFiles.m */,
			);
			path = Method;
			sourceTree = "<group>";
		};
		2BF063812CD3892A00A2B3F1 /* Friends */ = {
			isa = PBXGroup;
			children = (
				2BF063822CD3896B00A2B3F1 /* FriendsVC.h */,
				2BF063832CD3896B00A2B3F1 /* FriendsVC.m */,
				2BB78EC82CD38DCA0056DBB9 /* TestTouchView.h */,
				2BB78EC92CD38DCA0056DBB9 /* TestTouchView.m */,
			);
			path = Friends;
			sourceTree = "<group>";
		};
/* End PBXGroup section */

/* Begin PBXNativeTarget section */
		2B2E9EBB2CCB6AC100DFC9ED /* UITest */ = {
			isa = PBXNativeTarget;
			buildConfigurationList = 2B2E9EEB2CCB6AC200DFC9ED /* Build configuration list for PBXNativeTarget "UITest" */;
			buildPhases = (
				2B2E9EB82CCB6AC100DFC9ED /* Sources */,
				2B2E9EB92CCB6AC100DFC9ED /* Frameworks */,
				2B2E9EBA2CCB6AC100DFC9ED /* Resources */,
				2BA8C4022D426BB100C3E0A9 /* Embed Foundation Extensions */,
			);
			buildRules = (
			);
			dependencies = (
			);
			name = UITest;
			productName = UITest;
			productReference = 2B2E9EBC2CCB6AC100DFC9ED /* UITest.app */;
			productType = "com.apple.product-type.application";
		};
		2B2E9ED62CCB6AC200DFC9ED /* UITestTests */ = {
			isa = PBXNativeTarget;
			buildConfigurationList = 2B2E9EEE2CCB6AC200DFC9ED /* Build configuration list for PBXNativeTarget "UITestTests" */;
			buildPhases = (
				2B2E9ED32CCB6AC200DFC9ED /* Sources */,
				2B2E9ED42CCB6AC200DFC9ED /* Frameworks */,
				2B2E9ED52CCB6AC200DFC9ED /* Resources */,
			);
			buildRules = (
			);
			dependencies = (
				2B2E9ED92CCB6AC200DFC9ED /* PBXTargetDependency */,
			);
			name = UITestTests;
			productName = UITestTests;
			productReference = 2B2E9ED72CCB6AC200DFC9ED /* UITestTests.xctest */;
			productType = "com.apple.product-type.bundle.unit-test";
		};
		2B2E9EE02CCB6AC200DFC9ED /* UITestUITests */ = {
			isa = PBXNativeTarget;
			buildConfigurationList = 2B2E9EF12CCB6AC200DFC9ED /* Build configuration list for PBXNativeTarget "UITestUITests" */;
			buildPhases = (
				2B2E9EDD2CCB6AC200DFC9ED /* Sources */,
				2B2E9EDE2CCB6AC200DFC9ED /* Frameworks */,
				2B2E9EDF2CCB6AC200DFC9ED /* Resources */,
			);
			buildRules = (
			);
			dependencies = (
				2B2E9EE32CCB6AC200DFC9ED /* PBXTargetDependency */,
			);
			name = UITestUITests;
			productName = UITestUITests;
			productReference = 2B2E9EE12CCB6AC200DFC9ED /* UITestUITests.xctest */;
			productType = "com.apple.product-type.bundle.ui-testing";
		};
/* End PBXNativeTarget section */

/* Begin PBXProject section */
		2B2E9EB42CCB6AC100DFC9ED /* Project object */ = {
			isa = PBXProject;
			attributes = {
				BuildIndependentTargetsInParallel = 1;
				LastUpgradeCheck = 1520;
				TargetAttributes = {
					2B2E9EBB2CCB6AC100DFC9ED = {
						CreatedOnToolsVersion = 15.2;
					};
					2B2E9ED62CCB6AC200DFC9ED = {
						CreatedOnToolsVersion = 15.2;
						TestTargetID = 2B2E9EBB2CCB6AC100DFC9ED;
					};
					2B2E9EE02CCB6AC200DFC9ED = {
						CreatedOnToolsVersion = 15.2;
						TestTargetID = 2B2E9EBB2CCB6AC100DFC9ED;
					};
				};
			};
			buildConfigurationList = 2B2E9EB72CCB6AC100DFC9ED /* Build configuration list for PBXProject "UITest" */;
			compatibilityVersion = "Xcode 14.0";
			developmentRegion = en;
			hasScannedForEncodings = 0;
			knownRegions = (
				en,
				Base,
			);
			mainGroup = 2B2E9EB32CCB6AC100DFC9ED;
			productRefGroup = 2B2E9EBD2CCB6AC100DFC9ED /* Products */;
			projectDirPath = "";
			projectRoot = "";
			targets = (
				2B2E9EBB2CCB6AC100DFC9ED /* UITest */,
				2B2E9ED62CCB6AC200DFC9ED /* UITestTests */,
				2B2E9EE02CCB6AC200DFC9ED /* UITestUITests */,
			);
		};
/* End PBXProject section */

/* Begin PBXResourcesBuildPhase section */
		2B2E9EBA2CCB6AC100DFC9ED /* Resources */ = {
			isa = PBXResourcesBuildPhase;
			buildActionMask = 2147483647;
			files = (
				2B0F97D52D19371500E6477B /* order.order in Resources */,
				2B2E9ECF2CCB6AC200DFC9ED /* LaunchScreen.storyboard in Resources */,
				2B2E9ECC2CCB6AC200DFC9ED /* Assets.xcassets in Resources */,
			);
			runOnlyForDeploymentPostprocessing = 0;
		};
		2B2E9ED52CCB6AC200DFC9ED /* Resources */ = {
			isa = PBXResourcesBuildPhase;
			buildActionMask = 2147483647;
			files = (
			);
			runOnlyForDeploymentPostprocessing = 0;
		};
		2B2E9EDF2CCB6AC200DFC9ED /* Resources */ = {
			isa = PBXResourcesBuildPhase;
			buildActionMask = 2147483647;
			files = (
			);
			runOnlyForDeploymentPostprocessing = 0;
		};
/* End PBXResourcesBuildPhase section */

/* Begin PBXSourcesBuildPhase section */
		2B2E9EB82CCB6AC100DFC9ED /* Sources */ = {
			isa = PBXSourcesBuildPhase;
			buildActionMask = 2147483647;
			files = (
				2B2E9F1F2CCF63B100DFC9ED /* DefaultPopTransiotion.m in Sources */,
				2BB1158A2CF59B5C008F6D40 /* InboxVC.m in Sources */,
				2BB797FD2CDA23280056DBB9 /* Responder.m in Sources */,
				2B5017C72D1980520076C4BB /* DonateIntent.intentdefinition in Sources */,
				2B2E9F062CCB6FE100DFC9ED /* TabBar.m in Sources */,
				2B2E9F192CCF3E3A00DFC9ED /* DefaultTransitionDelegate.m in Sources */,
				2B2E9F1C2CCF3F0400DFC9ED /* DefaultPushTransiotion.m in Sources */,
				2B57A53C2CFF1F62006883B6 /* CollectionViewCell.m in Sources */,
				2B2E9EFF2CCB6F9700DFC9ED /* FeedSlidingScrollView.m in Sources */,
				2B456A262D0AFC0D00E1816C /* UIViewController+Transition.m in Sources */,
				2B12993E2CFEB7460003F3CF /* ThreadTest.m in Sources */,
				2B57A5432CFF2608006883B6 /* CollectionViewCell2.m in Sources */,
				2BCA7C172D156DD300FD487A /* AppOrderFiles.m in Sources */,
				2BE5E3982CD357E700651685 /* UIGestureRecognizer+Test.m in Sources */,
				2BB115912CF5CE43008F6D40 /* DisplayLinkFluencyMonitor.m in Sources */,
				2B456A232D0AF9CD00E1816C /* DetailTableViewController.m in Sources */,
				2BB115942CF6F2DD008F6D40 /* AnimationVC.m in Sources */,
				2B57A5402CFF25FD006883B6 /* CollectionViewCell1.m in Sources */,
				2BCA7C142D151C2200FD487A /* MethodTest.m in Sources */,
				2BB1158E2CF5BD03008F6D40 /* RunLoopFluencyMonitor.m in Sources */,
				2BB1159E2CF7025B008F6D40 /* OnlineImageView.m in Sources */,
				2BF063842CD3896B00A2B3F1 /* FriendsVC.m in Sources */,
				2B2E9EC72CCB6AC100DFC9ED /* ViewController.m in Sources */,
				2B2E9EC12CCB6AC100DFC9ED /* AppDelegate.m in Sources */,
				2B2E9F0C2CCB821900DFC9ED /* TransitionManager.m in Sources */,
				2B2E9F012CCB6F9700DFC9ED /* FeedSlidingViewController.m in Sources */,
				2B2E9F002CCB6F9700DFC9ED /* FeedTableViewController.m in Sources */,
				2BB78ECA2CD38DCA0056DBB9 /* TestTouchView.m in Sources */,
				2B57A5462CFF2616006883B6 /* CollectionViewCell3.m in Sources */,
				2B2E9ED22CCB6AC200DFC9ED /* main.m in Sources */,
				2BB1159B2CF6F84E008F6D40 /* MyLayout.m in Sources */,
				2B2E9F0D2CCB821900DFC9ED /* UINavigationController+Transition.m in Sources */,
				2B9B5E232D23AF70005A3B20 /* UIView+hook.m in Sources */,
				2B57A54D2D00552F006883B6 /* CustomPagingControllerAnimation.m in Sources */,
				2B2E9F102CCB90C500DFC9ED /* Feed2ProfileTransition.m in Sources */,
				2B57A54A2D002C48006883B6 /* CustomPagingController.m in Sources */,
				2B2E9EC42CCB6AC100DFC9ED /* SceneDelegate.m in Sources */,
				2BB115982CF6F769008F6D40 /* CollectionVC.m in Sources */,
				2B2E9EF82CCB6F8800DFC9ED /* OtherProfileViewController.m in Sources */,
				2BE5E39F2CD3617100651685 /* ProfileMaskView.m in Sources */,
				2B2E9F162CCB97C600DFC9ED /* FullScreenPopTransition.m in Sources */,
			);
			runOnlyForDeploymentPostprocessing = 0;
		};
		2B2E9ED32CCB6AC200DFC9ED /* Sources */ = {
			isa = PBXSourcesBuildPhase;
			buildActionMask = 2147483647;
			files = (
				2B2E9EDC2CCB6AC200DFC9ED /* UITestTests.m in Sources */,
			);
			runOnlyForDeploymentPostprocessing = 0;
		};
		2B2E9EDD2CCB6AC200DFC9ED /* Sources */ = {
			isa = PBXSourcesBuildPhase;
			buildActionMask = 2147483647;
			files = (
				2B2E9EE82CCB6AC200DFC9ED /* UITestUITestsLaunchTests.m in Sources */,
				2B2E9EE62CCB6AC200DFC9ED /* UITestUITests.m in Sources */,
			);
			runOnlyForDeploymentPostprocessing = 0;
		};
/* End PBXSourcesBuildPhase section */

/* Begin PBXTargetDependency section */
		2B2E9ED92CCB6AC200DFC9ED /* PBXTargetDependency */ = {
			isa = PBXTargetDependency;
			target = 2B2E9EBB2CCB6AC100DFC9ED /* UITest */;
			targetProxy = 2B2E9ED82CCB6AC200DFC9ED /* PBXContainerItemProxy */;
		};
		2B2E9EE32CCB6AC200DFC9ED /* PBXTargetDependency */ = {
			isa = PBXTargetDependency;
			target = 2B2E9EBB2CCB6AC100DFC9ED /* UITest */;
			targetProxy = 2B2E9EE22CCB6AC200DFC9ED /* PBXContainerItemProxy */;
		};
/* End PBXTargetDependency section */

/* Begin PBXVariantGroup section */
		2B2E9ECD2CCB6AC200DFC9ED /* LaunchScreen.storyboard */ = {
			isa = PBXVariantGroup;
			children = (
				2B2E9ECE2CCB6AC200DFC9ED /* Base */,
			);
			name = LaunchScreen.storyboard;
			sourceTree = "<group>";
		};
/* End PBXVariantGroup section */

/* Begin XCBuildConfiguration section */
		2B2E9EE92CCB6AC200DFC9ED /* Debug */ = {
			isa = XCBuildConfiguration;
			buildSettings = {
				ALWAYS_SEARCH_USER_PATHS = NO;
				ASSETCATALOG_COMPILER_GENERATE_SWIFT_ASSET_SYMBOL_EXTENSIONS = YES;
				CLANG_ANALYZER_NONNULL = YES;
				CLANG_ANALYZER_NUMBER_OBJECT_CONVERSION = YES_AGGRESSIVE;
				CLANG_CXX_LANGUAGE_STANDARD = "gnu++20";
				CLANG_ENABLE_MODULES = YES;
				CLANG_ENABLE_OBJC_ARC = YES;
				CLANG_ENABLE_OBJC_WEAK = YES;
				CLANG_WARN_BLOCK_CAPTURE_AUTORELEASING = YES;
				CLANG_WARN_BOOL_CONVERSION = YES;
				CLANG_WARN_COMMA = YES;
				CLANG_WARN_CONSTANT_CONVERSION = YES;
				CLANG_WARN_DEPRECATED_OBJC_IMPLEMENTATIONS = YES;
				CLANG_WARN_DIRECT_OBJC_ISA_USAGE = YES_ERROR;
				CLANG_WARN_DOCUMENTATION_COMMENTS = YES;
				CLANG_WARN_EMPTY_BODY = YES;
				CLANG_WARN_ENUM_CONVERSION = YES;
				CLANG_WARN_INFINITE_RECURSION = YES;
				CLANG_WARN_INT_CONVERSION = YES;
				CLANG_WARN_NON_LITERAL_NULL_CONVERSION = YES;
				CLANG_WARN_OBJC_IMPLICIT_RETAIN_SELF = YES;
				CLANG_WARN_OBJC_LITERAL_CONVERSION = YES;
				CLANG_WARN_OBJC_ROOT_CLASS = YES_ERROR;
				CLANG_WARN_QUOTED_INCLUDE_IN_FRAMEWORK_HEADER = YES;
				CLANG_WARN_RANGE_LOOP_ANALYSIS = YES;
				CLANG_WARN_STRICT_PROTOTYPES = YES;
				CLANG_WARN_SUSPICIOUS_MOVE = YES;
				CLANG_WARN_UNGUARDED_AVAILABILITY = YES_AGGRESSIVE;
				CLANG_WARN_UNREACHABLE_CODE = YES;
				CLANG_WARN__DUPLICATE_METHOD_MATCH = YES;
				COPY_PHASE_STRIP = NO;
				DEBUG_INFORMATION_FORMAT = dwarf;
				ENABLE_STRICT_OBJC_MSGSEND = YES;
				ENABLE_TESTABILITY = YES;
				ENABLE_USER_SCRIPT_SANDBOXING = YES;
				GCC_C_LANGUAGE_STANDARD = gnu17;
				GCC_DYNAMIC_NO_PIC = NO;
				GCC_NO_COMMON_BLOCKS = YES;
				GCC_OPTIMIZATION_LEVEL = 0;
				GCC_PREPROCESSOR_DEFINITIONS = (
					"DEBUG=1",
					"$(inherited)",
				);
				GCC_WARN_64_TO_32_BIT_CONVERSION = YES;
				GCC_WARN_ABOUT_RETURN_TYPE = YES_ERROR;
				GCC_WARN_UNDECLARED_SELECTOR = YES;
				GCC_WARN_UNINITIALIZED_AUTOS = YES_AGGRESSIVE;
				GCC_WARN_UNUSED_FUNCTION = YES;
				GCC_WARN_UNUSED_VARIABLE = YES;
				IPHONEOS_DEPLOYMENT_TARGET = 17.2;
				LOCALIZATION_PREFERS_STRING_CATALOGS = YES;
				MTL_ENABLE_DEBUG_INFO = INCLUDE_SOURCE;
				MTL_FAST_MATH = YES;
				ONLY_ACTIVE_ARCH = YES;
				ORDER_FILE = ./order.order;
				SDKROOT = iphoneos;
			};
			name = Debug;
		};
		2B2E9EEA2CCB6AC200DFC9ED /* Release */ = {
			isa = XCBuildConfiguration;
			buildSettings = {
				ALWAYS_SEARCH_USER_PATHS = NO;
				ASSETCATALOG_COMPILER_GENERATE_SWIFT_ASSET_SYMBOL_EXTENSIONS = YES;
				CLANG_ANALYZER_NONNULL = YES;
				CLANG_ANALYZER_NUMBER_OBJECT_CONVERSION = YES_AGGRESSIVE;
				CLANG_CXX_LANGUAGE_STANDARD = "gnu++20";
				CLANG_ENABLE_MODULES = YES;
				CLANG_ENABLE_OBJC_ARC = YES;
				CLANG_ENABLE_OBJC_WEAK = YES;
				CLANG_WARN_BLOCK_CAPTURE_AUTORELEASING = YES;
				CLANG_WARN_BOOL_CONVERSION = YES;
				CLANG_WARN_COMMA = YES;
				CLANG_WARN_CONSTANT_CONVERSION = YES;
				CLANG_WARN_DEPRECATED_OBJC_IMPLEMENTATIONS = YES;
				CLANG_WARN_DIRECT_OBJC_ISA_USAGE = YES_ERROR;
				CLANG_WARN_DOCUMENTATION_COMMENTS = YES;
				CLANG_WARN_EMPTY_BODY = YES;
				CLANG_WARN_ENUM_CONVERSION = YES;
				CLANG_WARN_INFINITE_RECURSION = YES;
				CLANG_WARN_INT_CONVERSION = YES;
				CLANG_WARN_NON_LITERAL_NULL_CONVERSION = YES;
				CLANG_WARN_OBJC_IMPLICIT_RETAIN_SELF = YES;
				CLANG_WARN_OBJC_LITERAL_CONVERSION = YES;
				CLANG_WARN_OBJC_ROOT_CLASS = YES_ERROR;
				CLANG_WARN_QUOTED_INCLUDE_IN_FRAMEWORK_HEADER = YES;
				CLANG_WARN_RANGE_LOOP_ANALYSIS = YES;
				CLANG_WARN_STRICT_PROTOTYPES = YES;
				CLANG_WARN_SUSPICIOUS_MOVE = YES;
				CLANG_WARN_UNGUARDED_AVAILABILITY = YES_AGGRESSIVE;
				CLANG_WARN_UNREACHABLE_CODE = YES;
				CLANG_WARN__DUPLICATE_METHOD_MATCH = YES;
				COPY_PHASE_STRIP = NO;
				DEBUG_INFORMATION_FORMAT = "dwarf-with-dsym";
				ENABLE_NS_ASSERTIONS = NO;
				ENABLE_STRICT_OBJC_MSGSEND = YES;
				ENABLE_USER_SCRIPT_SANDBOXING = YES;
				GCC_C_LANGUAGE_STANDARD = gnu17;
				GCC_NO_COMMON_BLOCKS = YES;
				GCC_WARN_64_TO_32_BIT_CONVERSION = YES;
				GCC_WARN_ABOUT_RETURN_TYPE = YES_ERROR;
				GCC_WARN_UNDECLARED_SELECTOR = YES;
				GCC_WARN_UNINITIALIZED_AUTOS = YES_AGGRESSIVE;
				GCC_WARN_UNUSED_FUNCTION = YES;
				GCC_WARN_UNUSED_VARIABLE = YES;
				IPHONEOS_DEPLOYMENT_TARGET = 17.2;
				LOCALIZATION_PREFERS_STRING_CATALOGS = YES;
				MTL_ENABLE_DEBUG_INFO = NO;
				MTL_FAST_MATH = YES;
				ORDER_FILE = ./order.order;
				SDKROOT = iphoneos;
				VALIDATE_PRODUCT = YES;
			};
			name = Release;
		};
		2B2E9EEC2CCB6AC200DFC9ED /* Debug */ = {
			isa = XCBuildConfiguration;
			buildSettings = {
				ASSETCATALOG_COMPILER_APPICON_NAME = AppIcon;
				ASSETCATALOG_COMPILER_GLOBAL_ACCENT_COLOR_NAME = AccentColor;
				CODE_SIGN_STYLE = Automatic;
				CURRENT_PROJECT_VERSION = 1;
				DEVELOPMENT_TEAM = 5Z4W2PM247;
				GENERATE_INFOPLIST_FILE = YES;
				INFOPLIST_FILE = UITest/Info.plist;
				INFOPLIST_KEY_UIApplicationSupportsIndirectInputEvents = YES;
				INFOPLIST_KEY_UILaunchStoryboardName = LaunchScreen;
				INFOPLIST_KEY_UIMainStoryboardFile = "";
				INFOPLIST_KEY_UISupportedInterfaceOrientations_iPad = "UIInterfaceOrientationPortrait UIInterfaceOrientationPortraitUpsideDown UIInterfaceOrientationLandscapeLeft UIInterfaceOrientationLandscapeRight";
				INFOPLIST_KEY_UISupportedInterfaceOrientations_iPhone = "UIInterfaceOrientationPortrait UIInterfaceOrientationLandscapeLeft UIInterfaceOrientationLandscapeRight";
				LD_RUNPATH_SEARCH_PATHS = (
					"$(inherited)",
					"@executable_path/Frameworks",
				);
				MARKETING_VERSION = 1.0;
				OTHER_CFLAGS = "-fsanitize-coverage=func,trace-pc-guard";
				PRODUCT_BUNDLE_IDENTIFIER = "yjx-xcdebug.UITest";
				PRODUCT_NAME = "$(TARGET_NAME)";
				SWIFT_EMIT_LOC_STRINGS = YES;
				TARGETED_DEVICE_FAMILY = "1,2";
			};
			name = Debug;
		};
		2B2E9EED2CCB6AC200DFC9ED /* Release */ = {
			isa = XCBuildConfiguration;
			buildSettings = {
				ASSETCATALOG_COMPILER_APPICON_NAME = AppIcon;
				ASSETCATALOG_COMPILER_GLOBAL_ACCENT_COLOR_NAME = AccentColor;
				CODE_SIGN_STYLE = Automatic;
				CURRENT_PROJECT_VERSION = 1;
				DEVELOPMENT_TEAM = 5Z4W2PM247;
				GENERATE_INFOPLIST_FILE = YES;
				INFOPLIST_FILE = UITest/Info.plist;
				INFOPLIST_KEY_UIApplicationSupportsIndirectInputEvents = YES;
				INFOPLIST_KEY_UILaunchStoryboardName = LaunchScreen;
				INFOPLIST_KEY_UIMainStoryboardFile = "";
				INFOPLIST_KEY_UISupportedInterfaceOrientations_iPad = "UIInterfaceOrientationPortrait UIInterfaceOrientationPortraitUpsideDown UIInterfaceOrientationLandscapeLeft UIInterfaceOrientationLandscapeRight";
				INFOPLIST_KEY_UISupportedInterfaceOrientations_iPhone = "UIInterfaceOrientationPortrait UIInterfaceOrientationLandscapeLeft UIInterfaceOrientationLandscapeRight";
				LD_RUNPATH_SEARCH_PATHS = (
					"$(inherited)",
					"@executable_path/Frameworks",
				);
				MARKETING_VERSION = 1.0;
				OTHER_CFLAGS = "-fsanitize-coverage=func,trace-pc-guard";
				PRODUCT_BUNDLE_IDENTIFIER = "yjx-xcdebug.UITest";
				PRODUCT_NAME = "$(TARGET_NAME)";
				SWIFT_EMIT_LOC_STRINGS = YES;
				TARGETED_DEVICE_FAMILY = "1,2";
			};
			name = Release;
		};
		2B2E9EEF2CCB6AC200DFC9ED /* Debug */ = {
			isa = XCBuildConfiguration;
			buildSettings = {
				BUNDLE_LOADER = "$(TEST_HOST)";
				CODE_SIGN_STYLE = Automatic;
				CURRENT_PROJECT_VERSION = 1;
				DEVELOPMENT_TEAM = 5Z4W2PM247;
				GENERATE_INFOPLIST_FILE = YES;
				IPHONEOS_DEPLOYMENT_TARGET = 17.2;
				MARKETING_VERSION = 1.0;
				PRODUCT_BUNDLE_IDENTIFIER = "yjx-xcdebug.UITestTests";
				PRODUCT_NAME = "$(TARGET_NAME)";
				SWIFT_EMIT_LOC_STRINGS = NO;
				TARGETED_DEVICE_FAMILY = "1,2";
				TEST_HOST = "$(BUILT_PRODUCTS_DIR)/UITest.app/$(BUNDLE_EXECUTABLE_FOLDER_PATH)/UITest";
			};
			name = Debug;
		};
		2B2E9EF02CCB6AC200DFC9ED /* Release */ = {
			isa = XCBuildConfiguration;
			buildSettings = {
				BUNDLE_LOADER = "$(TEST_HOST)";
				CODE_SIGN_STYLE = Automatic;
				CURRENT_PROJECT_VERSION = 1;
				DEVELOPMENT_TEAM = 5Z4W2PM247;
				GENERATE_INFOPLIST_FILE = YES;
				IPHONEOS_DEPLOYMENT_TARGET = 17.2;
				MARKETING_VERSION = 1.0;
				PRODUCT_BUNDLE_IDENTIFIER = "yjx-xcdebug.UITestTests";
				PRODUCT_NAME = "$(TARGET_NAME)";
				SWIFT_EMIT_LOC_STRINGS = NO;
				TARGETED_DEVICE_FAMILY = "1,2";
				TEST_HOST = "$(BUILT_PRODUCTS_DIR)/UITest.app/$(BUNDLE_EXECUTABLE_FOLDER_PATH)/UITest";
			};
			name = Release;
		};
		2B2E9EF22CCB6AC200DFC9ED /* Debug */ = {
			isa = XCBuildConfiguration;
			buildSettings = {
				CODE_SIGN_STYLE = Automatic;
				CURRENT_PROJECT_VERSION = 1;
				DEVELOPMENT_TEAM = 5Z4W2PM247;
				GENERATE_INFOPLIST_FILE = YES;
				MARKETING_VERSION = 1.0;
				PRODUCT_BUNDLE_IDENTIFIER = "yjx-xcdebug.UITestUITests";
				PRODUCT_NAME = "$(TARGET_NAME)";
				SWIFT_EMIT_LOC_STRINGS = NO;
				TARGETED_DEVICE_FAMILY = "1,2";
				TEST_TARGET_NAME = UITest;
			};
			name = Debug;
		};
		2B2E9EF32CCB6AC200DFC9ED /* Release */ = {
			isa = XCBuildConfiguration;
			buildSettings = {
				CODE_SIGN_STYLE = Automatic;
				CURRENT_PROJECT_VERSION = 1;
				DEVELOPMENT_TEAM = 5Z4W2PM247;
				GENERATE_INFOPLIST_FILE = YES;
				MARKETING_VERSION = 1.0;
				PRODUCT_BUNDLE_IDENTIFIER = "yjx-xcdebug.UITestUITests";
				PRODUCT_NAME = "$(TARGET_NAME)";
				SWIFT_EMIT_LOC_STRINGS = NO;
				TARGETED_DEVICE_FAMILY = "1,2";
				TEST_TARGET_NAME = UITest;
			};
			name = Release;
		};
/* End XCBuildConfiguration section */

/* Begin XCConfigurationList section */
		2B2E9EB72CCB6AC100DFC9ED /* Build configuration list for PBXProject "UITest" */ = {
			isa = XCConfigurationList;
			buildConfigurations = (
				2B2E9EE92CCB6AC200DFC9ED /* Debug */,
				2B2E9EEA2CCB6AC200DFC9ED /* Release */,
			);
			defaultConfigurationIsVisible = 0;
			defaultConfigurationName = Release;
		};
		2B2E9EEB2CCB6AC200DFC9ED /* Build configuration list for PBXNativeTarget "UITest" */ = {
			isa = XCConfigurationList;
			buildConfigurations = (
				2B2E9EEC2CCB6AC200DFC9ED /* Debug */,
				2B2E9EED2CCB6AC200DFC9ED /* Release */,
			);
			defaultConfigurationIsVisible = 0;
			defaultConfigurationName = Release;
		};
		2B2E9EEE2CCB6AC200DFC9ED /* Build configuration list for PBXNativeTarget "UITestTests" */ = {
			isa = XCConfigurationList;
			buildConfigurations = (
				2B2E9EEF2CCB6AC200DFC9ED /* Debug */,
				2B2E9EF02CCB6AC200DFC9ED /* Release */,
			);
			defaultConfigurationIsVisible = 0;
			defaultConfigurationName = Release;
		};
		2B2E9EF12CCB6AC200DFC9ED /* Build configuration list for PBXNativeTarget "UITestUITests" */ = {
			isa = XCConfigurationList;
			buildConfigurations = (
				2B2E9EF22CCB6AC200DFC9ED /* Debug */,
				2B2E9EF32CCB6AC200DFC9ED /* Release */,
			);
			defaultConfigurationIsVisible = 0;
			defaultConfigurationName = Release;
		};
/* End XCConfigurationList section */
	};
	rootObject = 2B2E9EB42CCB6AC100DFC9ED /* Project object */;
}
