// !$*UTF8*$!
{
	archiveVersion = 1;
	classes = {
	};
	objectVersion = 56;
	objects = {

/* Begin PBXBuildFile section */
		2B2E9EC12CCB6AC100DFC9ED /* AppDelegate.m in Sources */ = {isa = PBXBuildFile; fileRef = 2B2E9EC02CCB6AC100DFC9ED /* AppDelegate.m */; };
		2B2E9EC42CCB6AC100DFC9ED /* SceneDelegate.m in Sources */ = {isa = PBXBuildFile; fileRef = 2B2E9EC32CCB6AC100DFC9ED /* SceneDelegate.m */; };
		2B2E9EC72CCB6AC100DFC9ED /* ViewController.m in Sources */ = {isa = PBXBuildFile; fileRef = 2B2E9EC62CCB6AC100DFC9ED /* ViewController.m */; };
		2B2E9ECC2CCB6AC200DFC9ED /* Assets.xcassets in Resources */ = {isa = PBXBuildFile; fileRef = 2B2E9ECB2CCB6AC200DFC9ED /* Assets.xcassets */; };
		2B2E9ECF2CCB6AC200DFC9ED /* LaunchScreen.storyboard in Resources */ = {isa = PBXBuildFile; fileRef = 2B2E9ECD2CCB6AC200DFC9ED /* LaunchScreen.storyboard */; };
		2B2E9ED22CCB6AC200DFC9ED /* main.m in Sources */ = {isa = PBXBuildFile; fileRef = 2B2E9ED12CCB6AC200DFC9ED /* main.m */; };
		2B2E9EDC2CCB6AC200DFC9ED /* UITestTests.m in Sources */ = {isa = PBXBuildFile; fileRef = 2B2E9EDB2CCB6AC200DFC9ED /* UITestTests.m */; };
		2B2E9EE62CCB6AC200DFC9ED /* UITestUITests.m in Sources */ = {isa = PBXBuildFile; fileRef = 2B2E9EE52CCB6AC200DFC9ED /* UITestUITests.m */; };
		2B2E9EE82CCB6AC200DFC9ED /* UITestUITestsLaunchTests.m in Sources */ = {isa = PBXBuildFile; fileRef = 2B2E9EE72CCB6AC200DFC9ED /* UITestUITestsLaunchTests.m */; };
		2B2E9EF82CCB6F8800DFC9ED /* OtherProfileViewController.m in Sources */ = {isa = PBXBuildFile; fileRef = 2B2E9EF62CCB6F8800DFC9ED /* OtherProfileViewController.m */; };
		2B2E9EFF2CCB6F9700DFC9ED /* FeedSlidingScrollView.m in Sources */ = {isa = PBXBuildFile; fileRef = 2B2E9EF92CCB6F9700DFC9ED /* FeedSlidingScrollView.m */; };
		2B2E9F002CCB6F9700DFC9ED /* FeedTableViewController.m in Sources */ = {isa = PBXBuildFile; fileRef = 2B2E9EFC2CCB6F9700DFC9ED /* FeedTableViewController.m */; };
		2B2E9F012CCB6F9700DFC9ED /* FeedSlidingViewController.m in Sources */ = {isa = PBXBuildFile; fileRef = 2B2E9EFD2CCB6F9700DFC9ED /* FeedSlidingViewController.m */; };
		2B2E9F062CCB6FE100DFC9ED /* TabBar.m in Sources */ = {isa = PBXBuildFile; fileRef = 2B2E9F052CCB6FE100DFC9ED /* TabBar.m */; };
		2B2E9F0C2CCB821900DFC9ED /* TransitionManager.m in Sources */ = {isa = PBXBuildFile; fileRef = 2B2E9F0A2CCB821900DFC9ED /* TransitionManager.m */; };
		2B2E9F0D2CCB821900DFC9ED /* UINavigationController+Transition.m in Sources */ = {isa = PBXBuildFile; fileRef = 2B2E9F0B2CCB821900DFC9ED /* UINavigationController+Transition.m */; };
		2B2E9F102CCB90C500DFC9ED /* Feed2ProfileTransition.m in Sources */ = {isa = PBXBuildFile; fileRef = 2B2E9F0F2CCB90C500DFC9ED /* Feed2ProfileTransition.m */; };
		2B2E9F162CCB97C600DFC9ED /* FullScreenPopTransition.m in Sources */ = {isa = PBXBuildFile; fileRef = 2B2E9F152CCB97C600DFC9ED /* FullScreenPopTransition.m */; };
		2B2E9F192CCF3E3A00DFC9ED /* DefaultTransitionDelegate.m in Sources */ = {isa = PBXBuildFile; fileRef = 2B2E9F182CCF3E3A00DFC9ED /* DefaultTransitionDelegate.m */; };
		2B2E9F1C2CCF3F0400DFC9ED /* DefaultPushTransiotion.m in Sources */ = {isa = PBXBuildFile; fileRef = 2B2E9F1B2CCF3F0400DFC9ED /* DefaultPushTransiotion.m */; };
		2B2E9F1F2CCF63B100DFC9ED /* DefaultPopTransiotion.m in Sources */ = {isa = PBXBuildFile; fileRef = 2B2E9F1E2CCF63B100DFC9ED /* DefaultPopTransiotion.m */; };
/* End PBXBuildFile section */

/* Begin PBXContainerItemProxy section */
		2B2E9ED82CCB6AC200DFC9ED /* PBXContainerItemProxy */ = {
			isa = PBXContainerItemProxy;
			containerPortal = 2B2E9EB42CCB6AC100DFC9ED /* Project object */;
			proxyType = 1;
			remoteGlobalIDString = 2B2E9EBB2CCB6AC100DFC9ED;
			remoteInfo = UITest;
		};
		2B2E9EE22CCB6AC200DFC9ED /* PBXContainerItemProxy */ = {
			isa = PBXContainerItemProxy;
			containerPortal = 2B2E9EB42CCB6AC100DFC9ED /* Project object */;
			proxyType = 1;
			remoteGlobalIDString = 2B2E9EBB2CCB6AC100DFC9ED;
			remoteInfo = UITest;
		};
/* End PBXContainerItemProxy section */

/* Begin PBXFileReference section */
		2B2E9EBC2CCB6AC100DFC9ED /* UITest.app */ = {isa = PBXFileReference; explicitFileType = wrapper.application; includeInIndex = 0; path = UITest.app; sourceTree = BUILT_PRODUCTS_DIR; };
		2B2E9EBF2CCB6AC100DFC9ED /* AppDelegate.h */ = {isa = PBXFileReference; lastKnownFileType = sourcecode.c.h; path = AppDelegate.h; sourceTree = "<group>"; };
		2B2E9EC02CCB6AC100DFC9ED /* AppDelegate.m */ = {isa = PBXFileReference; lastKnownFileType = sourcecode.c.objc; path = AppDelegate.m; sourceTree = "<group>"; };
		2B2E9EC22CCB6AC100DFC9ED /* SceneDelegate.h */ = {isa = PBXFileReference; lastKnownFileType = sourcecode.c.h; path = SceneDelegate.h; sourceTree = "<group>"; };
		2B2E9EC32CCB6AC100DFC9ED /* SceneDelegate.m */ = {isa = PBXFileReference; lastKnownFileType = sourcecode.c.objc; path = SceneDelegate.m; sourceTree = "<group>"; };
		2B2E9EC52CCB6AC100DFC9ED /* ViewController.h */ = {isa = PBXFileReference; lastKnownFileType = sourcecode.c.h; path = ViewController.h; sourceTree = "<group>"; };
		2B2E9EC62CCB6AC100DFC9ED /* ViewController.m */ = {isa = PBXFileReference; lastKnownFileType = sourcecode.c.objc; path = ViewController.m; sourceTree = "<group>"; };
		2B2E9ECB2CCB6AC200DFC9ED /* Assets.xcassets */ = {isa = PBXFileReference; lastKnownFileType = folder.assetcatalog; path = Assets.xcassets; sourceTree = "<group>"; };
		2B2E9ECE2CCB6AC200DFC9ED /* Base */ = {isa = PBXFileReference; lastKnownFileType = file.storyboard; name = Base; path = Base.lproj/LaunchScreen.storyboard; sourceTree = "<group>"; };
		2B2E9ED02CCB6AC200DFC9ED /* Info.plist */ = {isa = PBXFileReference; lastKnownFileType = text.plist.xml; path = Info.plist; sourceTree = "<group>"; };
		2B2E9ED12CCB6AC200DFC9ED /* main.m */ = {isa = PBXFileReference; lastKnownFileType = sourcecode.c.objc; path = main.m; sourceTree = "<group>"; };
		2B2E9ED72CCB6AC200DFC9ED /* UITestTests.xctest */ = {isa = PBXFileReference; explicitFileType = wrapper.cfbundle; includeInIndex = 0; path = UITestTests.xctest; sourceTree = BUILT_PRODUCTS_DIR; };
		2B2E9EDB2CCB6AC200DFC9ED /* UITestTests.m */ = {isa = PBXFileReference; lastKnownFileType = sourcecode.c.objc; path = UITestTests.m; sourceTree = "<group>"; };
		2B2E9EE12CCB6AC200DFC9ED /* UITestUITests.xctest */ = {isa = PBXFileReference; explicitFileType = wrapper.cfbundle; includeInIndex = 0; path = UITestUITests.xctest; sourceTree = BUILT_PRODUCTS_DIR; };
		2B2E9EE52CCB6AC200DFC9ED /* UITestUITests.m */ = {isa = PBXFileReference; lastKnownFileType = sourcecode.c.objc; path = UITestUITests.m; sourceTree = "<group>"; };
		2B2E9EE72CCB6AC200DFC9ED /* UITestUITestsLaunchTests.m */ = {isa = PBXFileReference; lastKnownFileType = sourcecode.c.objc; path = UITestUITestsLaunchTests.m; sourceTree = "<group>"; };
		2B2E9EF62CCB6F8800DFC9ED /* OtherProfileViewController.m */ = {isa = PBXFileReference; fileEncoding = 4; lastKnownFileType = sourcecode.c.objc; path = OtherProfileViewController.m; sourceTree = "<group>"; };
		2B2E9EF72CCB6F8800DFC9ED /* OtherProfileViewController.h */ = {isa = PBXFileReference; fileEncoding = 4; lastKnownFileType = sourcecode.c.h; path = OtherProfileViewController.h; sourceTree = "<group>"; };
		2B2E9EF92CCB6F9700DFC9ED /* FeedSlidingScrollView.m */ = {isa = PBXFileReference; fileEncoding = 4; lastKnownFileType = sourcecode.c.objc; path = FeedSlidingScrollView.m; sourceTree = "<group>"; };
		2B2E9EFA2CCB6F9700DFC9ED /* FeedSlidingViewController.h */ = {isa = PBXFileReference; fileEncoding = 4; lastKnownFileType = sourcecode.c.h; path = FeedSlidingViewController.h; sourceTree = "<group>"; };
		2B2E9EFB2CCB6F9700DFC9ED /* FeedSlidingScrollView.h */ = {isa = PBXFileReference; fileEncoding = 4; lastKnownFileType = sourcecode.c.h; path = FeedSlidingScrollView.h; sourceTree = "<group>"; };
		2B2E9EFC2CCB6F9700DFC9ED /* FeedTableViewController.m */ = {isa = PBXFileReference; fileEncoding = 4; lastKnownFileType = sourcecode.c.objc; path = FeedTableViewController.m; sourceTree = "<group>"; };
		2B2E9EFD2CCB6F9700DFC9ED /* FeedSlidingViewController.m */ = {isa = PBXFileReference; fileEncoding = 4; lastKnownFileType = sourcecode.c.objc; path = FeedSlidingViewController.m; sourceTree = "<group>"; };
		2B2E9EFE2CCB6F9700DFC9ED /* FeedTableViewController.h */ = {isa = PBXFileReference; fileEncoding = 4; lastKnownFileType = sourcecode.c.h; path = FeedTableViewController.h; sourceTree = "<group>"; };
		2B2E9F042CCB6FE100DFC9ED /* TabBar.h */ = {isa = PBXFileReference; lastKnownFileType = sourcecode.c.h; path = TabBar.h; sourceTree = "<group>"; };
		2B2E9F052CCB6FE100DFC9ED /* TabBar.m */ = {isa = PBXFileReference; lastKnownFileType = sourcecode.c.objc; path = TabBar.m; sourceTree = "<group>"; };
		2B2E9F082CCB821900DFC9ED /* UINavigationController+Transition.h */ = {isa = PBXFileReference; fileEncoding = 4; lastKnownFileType = sourcecode.c.h; path = "UINavigationController+Transition.h"; sourceTree = "<group>"; };
		2B2E9F092CCB821900DFC9ED /* TransitionManager.h */ = {isa = PBXFileReference; fileEncoding = 4; lastKnownFileType = sourcecode.c.h; path = TransitionManager.h; sourceTree = "<group>"; };
		2B2E9F0A2CCB821900DFC9ED /* TransitionManager.m */ = {isa = PBXFileReference; fileEncoding = 4; lastKnownFileType = sourcecode.c.objc; path = TransitionManager.m; sourceTree = "<group>"; };
		2B2E9F0B2CCB821900DFC9ED /* UINavigationController+Transition.m */ = {isa = PBXFileReference; fileEncoding = 4; lastKnownFileType = sourcecode.c.objc; path = "UINavigationController+Transition.m"; sourceTree = "<group>"; };
		2B2E9F0E2CCB90C500DFC9ED /* Feed2ProfileTransition.h */ = {isa = PBXFileReference; lastKnownFileType = sourcecode.c.h; path = Feed2ProfileTransition.h; sourceTree = "<group>"; };
		2B2E9F0F2CCB90C500DFC9ED /* Feed2ProfileTransition.m */ = {isa = PBXFileReference; lastKnownFileType = sourcecode.c.objc; path = Feed2ProfileTransition.m; sourceTree = "<group>"; };
		2B2E9F142CCB97C600DFC9ED /* FullScreenPopTransition.h */ = {isa = PBXFileReference; lastKnownFileType = sourcecode.c.h; path = FullScreenPopTransition.h; sourceTree = "<group>"; };
		2B2E9F152CCB97C600DFC9ED /* FullScreenPopTransition.m */ = {isa = PBXFileReference; lastKnownFileType = sourcecode.c.objc; path = FullScreenPopTransition.m; sourceTree = "<group>"; };
		2B2E9F172CCF3E3A00DFC9ED /* DefaultTransitionDelegate.h */ = {isa = PBXFileReference; lastKnownFileType = sourcecode.c.h; path = DefaultTransitionDelegate.h; sourceTree = "<group>"; };
		2B2E9F182CCF3E3A00DFC9ED /* DefaultTransitionDelegate.m */ = {isa = PBXFileReference; lastKnownFileType = sourcecode.c.objc; path = DefaultTransitionDelegate.m; sourceTree = "<group>"; };
		2B2E9F1A2CCF3F0400DFC9ED /* DefaultPushTransiotion.h */ = {isa = PBXFileReference; lastKnownFileType = sourcecode.c.h; path = DefaultPushTransiotion.h; sourceTree = "<group>"; };
		2B2E9F1B2CCF3F0400DFC9ED /* DefaultPushTransiotion.m */ = {isa = PBXFileReference; lastKnownFileType = sourcecode.c.objc; path = DefaultPushTransiotion.m; sourceTree = "<group>"; };
		2B2E9F1D2CCF63B100DFC9ED /* DefaultPopTransiotion.h */ = {isa = PBXFileReference; lastKnownFileType = sourcecode.c.h; path = DefaultPopTransiotion.h; sourceTree = "<group>"; };
		2B2E9F1E2CCF63B100DFC9ED /* DefaultPopTransiotion.m */ = {isa = PBXFileReference; lastKnownFileType = sourcecode.c.objc; path = DefaultPopTransiotion.m; sourceTree = "<group>"; };
/* End PBXFileReference section */

/* Begin PBXFrameworksBuildPhase section */
		2B2E9EB92CCB6AC100DFC9ED /* Frameworks */ = {
			isa = PBXFrameworksBuildPhase;
			buildActionMask = 2147483647;
			files = (
			);
			runOnlyForDeploymentPostprocessing = 0;
		};
		2B2E9ED42CCB6AC200DFC9ED /* Frameworks */ = {
			isa = PBXFrameworksBuildPhase;
			buildActionMask = 2147483647;
			files = (
			);
			runOnlyForDeploymentPostprocessing = 0;
		};
		2B2E9EDE2CCB6AC200DFC9ED /* Frameworks */ = {
			isa = PBXFrameworksBuildPhase;
			buildActionMask = 2147483647;
			files = (
			);
			runOnlyForDeploymentPostprocessing = 0;
		};
/* End PBXFrameworksBuildPhase section */

/* Begin PBXGroup section */
		2B2E9EB32CCB6AC100DFC9ED = {
			isa = PBXGroup;
			children = (
				2B2E9EBE2CCB6AC100DFC9ED /* UITest */,
				2B2E9EDA2CCB6AC200DFC9ED /* UITestTests */,
				2B2E9EE42CCB6AC200DFC9ED /* UITestUITests */,
				2B2E9EBD2CCB6AC100DFC9ED /* Products */,
			);
			sourceTree = "<group>";
		};
		2B2E9EBD2CCB6AC100DFC9ED /* Products */ = {
			isa = PBXGroup;
			children = (
				2B2E9EBC2CCB6AC100DFC9ED /* UITest.app */,
				2B2E9ED72CCB6AC200DFC9ED /* UITestTests.xctest */,
				2B2E9EE12CCB6AC200DFC9ED /* UITestUITests.xctest */,
			);
			name = Products;
			sourceTree = "<group>";
		};
		2B2E9EBE2CCB6AC100DFC9ED /* UITest */ = {
			isa = PBXGroup;
			children = (
				2B2E9F072CCB81CF00DFC9ED /* Transition */,
				2B2E9EF42CCB6ED400DFC9ED /* Feed */,
				2B2E9EBF2CCB6AC100DFC9ED /* AppDelegate.h */,
				2B2E9EC02CCB6AC100DFC9ED /* AppDelegate.m */,
				2B2E9EC22CCB6AC100DFC9ED /* SceneDelegate.h */,
				2B2E9EC32CCB6AC100DFC9ED /* SceneDelegate.m */,
				2B2E9EC52CCB6AC100DFC9ED /* ViewController.h */,
				2B2E9EC62CCB6AC100DFC9ED /* ViewController.m */,
				2B2E9ECB2CCB6AC200DFC9ED /* Assets.xcassets */,
				2B2E9ECD2CCB6AC200DFC9ED /* LaunchScreen.storyboard */,
				2B2E9ED02CCB6AC200DFC9ED /* Info.plist */,
				2B2E9ED12CCB6AC200DFC9ED /* main.m */,
				2B2E9F042CCB6FE100DFC9ED /* TabBar.h */,
				2B2E9F052CCB6FE100DFC9ED /* TabBar.m */,
			);
			path = UITest;
			sourceTree = "<group>";
		};
		2B2E9EDA2CCB6AC200DFC9ED /* UITestTests */ = {
			isa = PBXGroup;
			children = (
				2B2E9EDB2CCB6AC200DFC9ED /* UITestTests.m */,
			);
			path = UITestTests;
			sourceTree = "<group>";
		};
		2B2E9EE42CCB6AC200DFC9ED /* UITestUITests */ = {
			isa = PBXGroup;
			children = (
				2B2E9EE52CCB6AC200DFC9ED /* UITestUITests.m */,
				2B2E9EE72CCB6AC200DFC9ED /* UITestUITestsLaunchTests.m */,
			);
			path = UITestUITests;
			sourceTree = "<group>";
		};
		2B2E9EF42CCB6ED400DFC9ED /* Feed */ = {
			isa = PBXGroup;
			children = (
				2B2E9EF52CCB6F2500DFC9ED /* Profile */,
				2B2E9EFB2CCB6F9700DFC9ED /* FeedSlidingScrollView.h */,
				2B2E9EF92CCB6F9700DFC9ED /* FeedSlidingScrollView.m */,
				2B2E9EFA2CCB6F9700DFC9ED /* FeedSlidingViewController.h */,
				2B2E9EFD2CCB6F9700DFC9ED /* FeedSlidingViewController.m */,
				2B2E9EFE2CCB6F9700DFC9ED /* FeedTableViewController.h */,
				2B2E9EFC2CCB6F9700DFC9ED /* FeedTableViewController.m */,
				2B2E9F0E2CCB90C500DFC9ED /* Feed2ProfileTransition.h */,
				2B2E9F0F2CCB90C500DFC9ED /* Feed2ProfileTransition.m */,
				2B2E9F142CCB97C600DFC9ED /* FullScreenPopTransition.h */,
				2B2E9F152CCB97C600DFC9ED /* FullScreenPopTransition.m */,
			);
			path = Feed;
			sourceTree = "<group>";
		};
		2B2E9EF52CCB6F2500DFC9ED /* Profile */ = {
			isa = PBXGroup;
			children = (
				2B2E9EF72CCB6F8800DFC9ED /* OtherProfileViewController.h */,
				2B2E9EF62CCB6F8800DFC9ED /* OtherProfileViewController.m */,
			);
			path = Profile;
			sourceTree = "<group>";
		};
		2B2E9F072CCB81CF00DFC9ED /* Transition */ = {
			isa = PBXGroup;
			children = (
				2B2E9F092CCB821900DFC9ED /* TransitionManager.h */,
				2B2E9F0A2CCB821900DFC9ED /* TransitionManager.m */,
				2B2E9F082CCB821900DFC9ED /* UINavigationController+Transition.h */,
				2B2E9F0B2CCB821900DFC9ED /* UINavigationController+Transition.m */,
				2B2E9F172CCF3E3A00DFC9ED /* DefaultTransitionDelegate.h */,
				2B2E9F182CCF3E3A00DFC9ED /* DefaultTransitionDelegate.m */,
				2B2E9F1A2CCF3F0400DFC9ED /* DefaultPushTransiotion.h */,
				2B2E9F1B2CCF3F0400DFC9ED /* DefaultPushTransiotion.m */,
				2B2E9F1D2CCF63B100DFC9ED /* DefaultPopTransiotion.h */,
				2B2E9F1E2CCF63B100DFC9ED /* DefaultPopTransiotion.m */,
			);
			path = Transition;
			sourceTree = "<group>";
		};
/* End PBXGroup section */

/* Begin PBXNativeTarget section */
		2B2E9EBB2CCB6AC100DFC9ED /* UITest */ = {
			isa = PBXNativeTarget;
			buildConfigurationList = 2B2E9EEB2CCB6AC200DFC9ED /* Build configuration list for PBXNativeTarget "UITest" */;
			buildPhases = (
				2B2E9EB82CCB6AC100DFC9ED /* Sources */,
				2B2E9EB92CCB6AC100DFC9ED /* Frameworks */,
				2B2E9EBA2CCB6AC100DFC9ED /* Resources */,
			);
			buildRules = (
			);
			dependencies = (
			);
			name = UITest;
			productName = UITest;
			productReference = 2B2E9EBC2CCB6AC100DFC9ED /* UITest.app */;
			productType = "com.apple.product-type.application";
		};
		2B2E9ED62CCB6AC200DFC9ED /* UITestTests */ = {
			isa = PBXNativeTarget;
			buildConfigurationList = 2B2E9EEE2CCB6AC200DFC9ED /* Build configuration list for PBXNativeTarget "UITestTests" */;
			buildPhases = (
				2B2E9ED32CCB6AC200DFC9ED /* Sources */,
				2B2E9ED42CCB6AC200DFC9ED /* Frameworks */,
				2B2E9ED52CCB6AC200DFC9ED /* Resources */,
			);
			buildRules = (
			);
			dependencies = (
				2B2E9ED92CCB6AC200DFC9ED /* PBXTargetDependency */,
			);
			name = UITestTests;
			productName = UITestTests;
			productReference = 2B2E9ED72CCB6AC200DFC9ED /* UITestTests.xctest */;
			productType = "com.apple.product-type.bundle.unit-test";
		};
		2B2E9EE02CCB6AC200DFC9ED /* UITestUITests */ = {
			isa = PBXNativeTarget;
			buildConfigurationList = 2B2E9EF12CCB6AC200DFC9ED /* Build configuration list for PBXNativeTarget "UITestUITests" */;
			buildPhases = (
				2B2E9EDD2CCB6AC200DFC9ED /* Sources */,
				2B2E9EDE2CCB6AC200DFC9ED /* Frameworks */,
				2B2E9EDF2CCB6AC200DFC9ED /* Resources */,
			);
			buildRules = (
			);
			dependencies = (
				2B2E9EE32CCB6AC200DFC9ED /* PBXTargetDependency */,
			);
			name = UITestUITests;
			productName = UITestUITests;
			productReference = 2B2E9EE12CCB6AC200DFC9ED /* UITestUITests.xctest */;
			productType = "com.apple.product-type.bundle.ui-testing";
		};
/* End PBXNativeTarget section */

/* Begin PBXProject section */
		2B2E9EB42CCB6AC100DFC9ED /* Project object */ = {
			isa = PBXProject;
			attributes = {
				BuildIndependentTargetsInParallel = 1;
				LastUpgradeCheck = 1520;
				TargetAttributes = {
					2B2E9EBB2CCB6AC100DFC9ED = {
						CreatedOnToolsVersion = 15.2;
					};
					2B2E9ED62CCB6AC200DFC9ED = {
						CreatedOnToolsVersion = 15.2;
						TestTargetID = 2B2E9EBB2CCB6AC100DFC9ED;
					};
					2B2E9EE02CCB6AC200DFC9ED = {
						CreatedOnToolsVersion = 15.2;
						TestTargetID = 2B2E9EBB2CCB6AC100DFC9ED;
					};
				};
			};
			buildConfigurationList = 2B2E9EB72CCB6AC100DFC9ED /* Build configuration list for PBXProject "UITest" */;
			compatibilityVersion = "Xcode 14.0";
			developmentRegion = en;
			hasScannedForEncodings = 0;
			knownRegions = (
				en,
				Base,
			);
			mainGroup = 2B2E9EB32CCB6AC100DFC9ED;
			productRefGroup = 2B2E9EBD2CCB6AC100DFC9ED /* Products */;
			projectDirPath = "";
			projectRoot = "";
			targets = (
				2B2E9EBB2CCB6AC100DFC9ED /* UITest */,
				2B2E9ED62CCB6AC200DFC9ED /* UITestTests */,
				2B2E9EE02CCB6AC200DFC9ED /* UITestUITests */,
			);
		};
/* End PBXProject section */

/* Begin PBXResourcesBuildPhase section */
		2B2E9EBA2CCB6AC100DFC9ED /* Resources */ = {
			isa = PBXResourcesBuildPhase;
			buildActionMask = 2147483647;
			files = (
				2B2E9ECF2CCB6AC200DFC9ED /* LaunchScreen.storyboard in Resources */,
				2B2E9ECC2CCB6AC200DFC9ED /* Assets.xcassets in Resources */,
			);
			runOnlyForDeploymentPostprocessing = 0;
		};
		2B2E9ED52CCB6AC200DFC9ED /* Resources */ = {
			isa = PBXResourcesBuildPhase;
			buildActionMask = 2147483647;
			files = (
			);
			runOnlyForDeploymentPostprocessing = 0;
		};
		2B2E9EDF2CCB6AC200DFC9ED /* Resources */ = {
			isa = PBXResourcesBuildPhase;
			buildActionMask = 2147483647;
			files = (
			);
			runOnlyForDeploymentPostprocessing = 0;
		};
/* End PBXResourcesBuildPhase section */

/* Begin PBXSourcesBuildPhase section */
		2B2E9EB82CCB6AC100DFC9ED /* Sources */ = {
			isa = PBXSourcesBuildPhase;
			buildActionMask = 2147483647;
			files = (
				2B2E9F1F2CCF63B100DFC9ED /* DefaultPopTransiotion.m in Sources */,
				2B2E9F062CCB6FE100DFC9ED /* TabBar.m in Sources */,
				2B2E9F192CCF3E3A00DFC9ED /* DefaultTransitionDelegate.m in Sources */,
				2B2E9F1C2CCF3F0400DFC9ED /* DefaultPushTransiotion.m in Sources */,
				2B2E9EFF2CCB6F9700DFC9ED /* FeedSlidingScrollView.m in Sources */,
				2B2E9EC72CCB6AC100DFC9ED /* ViewController.m in Sources */,
				2B2E9EC12CCB6AC100DFC9ED /* AppDelegate.m in Sources */,
				2B2E9F0C2CCB821900DFC9ED /* TransitionManager.m in Sources */,
				2B2E9F012CCB6F9700DFC9ED /* FeedSlidingViewController.m in Sources */,
				2B2E9F002CCB6F9700DFC9ED /* FeedTableViewController.m in Sources */,
				2B2E9ED22CCB6AC200DFC9ED /* main.m in Sources */,
				2B2E9F0D2CCB821900DFC9ED /* UINavigationController+Transition.m in Sources */,
				2B2E9F102CCB90C500DFC9ED /* Feed2ProfileTransition.m in Sources */,
				2B2E9EC42CCB6AC100DFC9ED /* SceneDelegate.m in Sources */,
				2B2E9EF82CCB6F8800DFC9ED /* OtherProfileViewController.m in Sources */,
				2B2E9F162CCB97C600DFC9ED /* FullScreenPopTransition.m in Sources */,
			);
			runOnlyForDeploymentPostprocessing = 0;
		};
		2B2E9ED32CCB6AC200DFC9ED /* Sources */ = {
			isa = PBXSourcesBuildPhase;
			buildActionMask = 2147483647;
			files = (
				2B2E9EDC2CCB6AC200DFC9ED /* UITestTests.m in Sources */,
			);
			runOnlyForDeploymentPostprocessing = 0;
		};
		2B2E9EDD2CCB6AC200DFC9ED /* Sources */ = {
			isa = PBXSourcesBuildPhase;
			buildActionMask = 2147483647;
			files = (
				2B2E9EE82CCB6AC200DFC9ED /* UITestUITestsLaunchTests.m in Sources */,
				2B2E9EE62CCB6AC200DFC9ED /* UITestUITests.m in Sources */,
			);
			runOnlyForDeploymentPostprocessing = 0;
		};
/* End PBXSourcesBuildPhase section */

/* Begin PBXTargetDependency section */
		2B2E9ED92CCB6AC200DFC9ED /* PBXTargetDependency */ = {
			isa = PBXTargetDependency;
			target = 2B2E9EBB2CCB6AC100DFC9ED /* UITest */;
			targetProxy = 2B2E9ED82CCB6AC200DFC9ED /* PBXContainerItemProxy */;
		};
		2B2E9EE32CCB6AC200DFC9ED /* PBXTargetDependency */ = {
			isa = PBXTargetDependency;
			target = 2B2E9EBB2CCB6AC100DFC9ED /* UITest */;
			targetProxy = 2B2E9EE22CCB6AC200DFC9ED /* PBXContainerItemProxy */;
		};
/* End PBXTargetDependency section */

/* Begin PBXVariantGroup section */
		2B2E9ECD2CCB6AC200DFC9ED /* LaunchScreen.storyboard */ = {
			isa = PBXVariantGroup;
			children = (
				2B2E9ECE2CCB6AC200DFC9ED /* Base */,
			);
			name = LaunchScreen.storyboard;
			sourceTree = "<group>";
		};
/* End PBXVariantGroup section */

/* Begin XCBuildConfiguration section */
		2B2E9EE92CCB6AC200DFC9ED /* Debug */ = {
			isa = XCBuildConfiguration;
			buildSettings = {
				ALWAYS_SEARCH_USER_PATHS = NO;
				ASSETCATALOG_COMPILER_GENERATE_SWIFT_ASSET_SYMBOL_EXTENSIONS = YES;
				CLANG_ANALYZER_NONNULL = YES;
				CLANG_ANALYZER_NUMBER_OBJECT_CONVERSION = YES_AGGRESSIVE;
				CLANG_CXX_LANGUAGE_STANDARD = "gnu++20";
				CLANG_ENABLE_MODULES = YES;
				CLANG_ENABLE_OBJC_ARC = YES;
				CLANG_ENABLE_OBJC_WEAK = YES;
				CLANG_WARN_BLOCK_CAPTURE_AUTORELEASING = YES;
				CLANG_WARN_BOOL_CONVERSION = YES;
				CLANG_WARN_COMMA = YES;
				CLANG_WARN_CONSTANT_CONVERSION = YES;
				CLANG_WARN_DEPRECATED_OBJC_IMPLEMENTATIONS = YES;
				CLANG_WARN_DIRECT_OBJC_ISA_USAGE = YES_ERROR;
				CLANG_WARN_DOCUMENTATION_COMMENTS = YES;
				CLANG_WARN_EMPTY_BODY = YES;
				CLANG_WARN_ENUM_CONVERSION = YES;
				CLANG_WARN_INFINITE_RECURSION = YES;
				CLANG_WARN_INT_CONVERSION = YES;
				CLANG_WARN_NON_LITERAL_NULL_CONVERSION = YES;
				CLANG_WARN_OBJC_IMPLICIT_RETAIN_SELF = YES;
				CLANG_WARN_OBJC_LITERAL_CONVERSION = YES;
				CLANG_WARN_OBJC_ROOT_CLASS = YES_ERROR;
				CLANG_WARN_QUOTED_INCLUDE_IN_FRAMEWORK_HEADER = YES;
				CLANG_WARN_RANGE_LOOP_ANALYSIS = YES;
				CLANG_WARN_STRICT_PROTOTYPES = YES;
				CLANG_WARN_SUSPICIOUS_MOVE = YES;
				CLANG_WARN_UNGUARDED_AVAILABILITY = YES_AGGRESSIVE;
				CLANG_WARN_UNREACHABLE_CODE = YES;
				CLANG_WARN__DUPLICATE_METHOD_MATCH = YES;
				COPY_PHASE_STRIP = NO;
				DEBUG_INFORMATION_FORMAT = dwarf;
				ENABLE_STRICT_OBJC_MSGSEND = YES;
				ENABLE_TESTABILITY = YES;
				ENABLE_USER_SCRIPT_SANDBOXING = YES;
				GCC_C_LANGUAGE_STANDARD = gnu17;
				GCC_DYNAMIC_NO_PIC = NO;
				GCC_NO_COMMON_BLOCKS = YES;
				GCC_OPTIMIZATION_LEVEL = 0;
				GCC_PREPROCESSOR_DEFINITIONS = (
					"DEBUG=1",
					"$(inherited)",
				);
				GCC_WARN_64_TO_32_BIT_CONVERSION = YES;
				GCC_WARN_ABOUT_RETURN_TYPE = YES_ERROR;
				GCC_WARN_UNDECLARED_SELECTOR = YES;
				GCC_WARN_UNINITIALIZED_AUTOS = YES_AGGRESSIVE;
				GCC_WARN_UNUSED_FUNCTION = YES;
				GCC_WARN_UNUSED_VARIABLE = YES;
				IPHONEOS_DEPLOYMENT_TARGET = 17.2;
				LOCALIZATION_PREFERS_STRING_CATALOGS = YES;
				MTL_ENABLE_DEBUG_INFO = INCLUDE_SOURCE;
				MTL_FAST_MATH = YES;
				ONLY_ACTIVE_ARCH = YES;
				SDKROOT = iphoneos;
			};
			name = Debug;
		};
		2B2E9EEA2CCB6AC200DFC9ED /* Release */ = {
			isa = XCBuildConfiguration;
			buildSettings = {
				ALWAYS_SEARCH_USER_PATHS = NO;
				ASSETCATALOG_COMPILER_GENERATE_SWIFT_ASSET_SYMBOL_EXTENSIONS = YES;
				CLANG_ANALYZER_NONNULL = YES;
				CLANG_ANALYZER_NUMBER_OBJECT_CONVERSION = YES_AGGRESSIVE;
				CLANG_CXX_LANGUAGE_STANDARD = "gnu++20";
				CLANG_ENABLE_MODULES = YES;
				CLANG_ENABLE_OBJC_ARC = YES;
				CLANG_ENABLE_OBJC_WEAK = YES;
				CLANG_WARN_BLOCK_CAPTURE_AUTORELEASING = YES;
				CLANG_WARN_BOOL_CONVERSION = YES;
				CLANG_WARN_COMMA = YES;
				CLANG_WARN_CONSTANT_CONVERSION = YES;
				CLANG_WARN_DEPRECATED_OBJC_IMPLEMENTATIONS = YES;
				CLANG_WARN_DIRECT_OBJC_ISA_USAGE = YES_ERROR;
				CLANG_WARN_DOCUMENTATION_COMMENTS = YES;
				CLANG_WARN_EMPTY_BODY = YES;
				CLANG_WARN_ENUM_CONVERSION = YES;
				CLANG_WARN_INFINITE_RECURSION = YES;
				CLANG_WARN_INT_CONVERSION = YES;
				CLANG_WARN_NON_LITERAL_NULL_CONVERSION = YES;
				CLANG_WARN_OBJC_IMPLICIT_RETAIN_SELF = YES;
				CLANG_WARN_OBJC_LITERAL_CONVERSION = YES;
				CLANG_WARN_OBJC_ROOT_CLASS = YES_ERROR;
				CLANG_WARN_QUOTED_INCLUDE_IN_FRAMEWORK_HEADER = YES;
				CLANG_WARN_RANGE_LOOP_ANALYSIS = YES;
				CLANG_WARN_STRICT_PROTOTYPES = YES;
				CLANG_WARN_SUSPICIOUS_MOVE = YES;
				CLANG_WARN_UNGUARDED_AVAILABILITY = YES_AGGRESSIVE;
				CLANG_WARN_UNREACHABLE_CODE = YES;
				CLANG_WARN__DUPLICATE_METHOD_MATCH = YES;
				COPY_PHASE_STRIP = NO;
				DEBUG_INFORMATION_FORMAT = "dwarf-with-dsym";
				ENABLE_NS_ASSERTIONS = NO;
				ENABLE_STRICT_OBJC_MSGSEND = YES;
				ENABLE_USER_SCRIPT_SANDBOXING = YES;
				GCC_C_LANGUAGE_STANDARD = gnu17;
				GCC_NO_COMMON_BLOCKS = YES;
				GCC_WARN_64_TO_32_BIT_CONVERSION = YES;
				GCC_WARN_ABOUT_RETURN_TYPE = YES_ERROR;
				GCC_WARN_UNDECLARED_SELECTOR = YES;
				GCC_WARN_UNINITIALIZED_AUTOS = YES_AGGRESSIVE;
				GCC_WARN_UNUSED_FUNCTION = YES;
				GCC_WARN_UNUSED_VARIABLE = YES;
				IPHONEOS_DEPLOYMENT_TARGET = 17.2;
				LOCALIZATION_PREFERS_STRING_CATALOGS = YES;
				MTL_ENABLE_DEBUG_INFO = NO;
				MTL_FAST_MATH = YES;
				SDKROOT = iphoneos;
				VALIDATE_PRODUCT = YES;
			};
			name = Release;
		};
		2B2E9EEC2CCB6AC200DFC9ED /* Debug */ = {
			isa = XCBuildConfiguration;
			buildSettings = {
				ASSETCATALOG_COMPILER_APPICON_NAME = AppIcon;
				ASSETCATALOG_COMPILER_GLOBAL_ACCENT_COLOR_NAME = AccentColor;
				CODE_SIGN_STYLE = Automatic;
				CURRENT_PROJECT_VERSION = 1;
				DEVELOPMENT_TEAM = 5Z4W2PM247;
				GENERATE_INFOPLIST_FILE = YES;
				INFOPLIST_FILE = UITest/Info.plist;
				INFOPLIST_KEY_UIApplicationSupportsIndirectInputEvents = YES;
				INFOPLIST_KEY_UILaunchStoryboardName = LaunchScreen;
				INFOPLIST_KEY_UIMainStoryboardFile = Main;
				INFOPLIST_KEY_UISupportedInterfaceOrientations_iPad = "UIInterfaceOrientationPortrait UIInterfaceOrientationPortraitUpsideDown UIInterfaceOrientationLandscapeLeft UIInterfaceOrientationLandscapeRight";
				INFOPLIST_KEY_UISupportedInterfaceOrientations_iPhone = "UIInterfaceOrientationPortrait UIInterfaceOrientationLandscapeLeft UIInterfaceOrientationLandscapeRight";
				LD_RUNPATH_SEARCH_PATHS = (
					"$(inherited)",
					"@executable_path/Frameworks",
				);
				MARKETING_VERSION = 1.0;
				PRODUCT_BUNDLE_IDENTIFIER = "yjx-xcdebug.UITest";
				PRODUCT_NAME = "$(TARGET_NAME)";
				SWIFT_EMIT_LOC_STRINGS = YES;
				TARGETED_DEVICE_FAMILY = "1,2";
			};
			name = Debug;
		};
		2B2E9EED2CCB6AC200DFC9ED /* Release */ = {
			isa = XCBuildConfiguration;
			buildSettings = {
				ASSETCATALOG_COMPILER_APPICON_NAME = AppIcon;
				ASSETCATALOG_COMPILER_GLOBAL_ACCENT_COLOR_NAME = AccentColor;
				CODE_SIGN_STYLE = Automatic;
				CURRENT_PROJECT_VERSION = 1;
				DEVELOPMENT_TEAM = 5Z4W2PM247;
				GENERATE_INFOPLIST_FILE = YES;
				INFOPLIST_FILE = UITest/Info.plist;
				INFOPLIST_KEY_UIApplicationSupportsIndirectInputEvents = YES;
				INFOPLIST_KEY_UILaunchStoryboardName = LaunchScreen;
				INFOPLIST_KEY_UIMainStoryboardFile = Main;
				INFOPLIST_KEY_UISupportedInterfaceOrientations_iPad = "UIInterfaceOrientationPortrait UIInterfaceOrientationPortraitUpsideDown UIInterfaceOrientationLandscapeLeft UIInterfaceOrientationLandscapeRight";
				INFOPLIST_KEY_UISupportedInterfaceOrientations_iPhone = "UIInterfaceOrientationPortrait UIInterfaceOrientationLandscapeLeft UIInterfaceOrientationLandscapeRight";
				LD_RUNPATH_SEARCH_PATHS = (
					"$(inherited)",
					"@executable_path/Frameworks",
				);
				MARKETING_VERSION = 1.0;
				PRODUCT_BUNDLE_IDENTIFIER = "yjx-xcdebug.UITest";
				PRODUCT_NAME = "$(TARGET_NAME)";
				SWIFT_EMIT_LOC_STRINGS = YES;
				TARGETED_DEVICE_FAMILY = "1,2";
			};
			name = Release;
		};
		2B2E9EEF2CCB6AC200DFC9ED /* Debug */ = {
			isa = XCBuildConfiguration;
			buildSettings = {
				BUNDLE_LOADER = "$(TEST_HOST)";
				CODE_SIGN_STYLE = Automatic;
				CURRENT_PROJECT_VERSION = 1;
				DEVELOPMENT_TEAM = 5Z4W2PM247;
				GENERATE_INFOPLIST_FILE = YES;
				IPHONEOS_DEPLOYMENT_TARGET = 17.2;
				MARKETING_VERSION = 1.0;
				PRODUCT_BUNDLE_IDENTIFIER = "yjx-xcdebug.UITestTests";
				PRODUCT_NAME = "$(TARGET_NAME)";
				SWIFT_EMIT_LOC_STRINGS = NO;
				TARGETED_DEVICE_FAMILY = "1,2";
				TEST_HOST = "$(BUILT_PRODUCTS_DIR)/UITest.app/$(BUNDLE_EXECUTABLE_FOLDER_PATH)/UITest";
			};
			name = Debug;
		};
		2B2E9EF02CCB6AC200DFC9ED /* Release */ = {
			isa = XCBuildConfiguration;
			buildSettings = {
				BUNDLE_LOADER = "$(TEST_HOST)";
				CODE_SIGN_STYLE = Automatic;
				CURRENT_PROJECT_VERSION = 1;
				DEVELOPMENT_TEAM = 5Z4W2PM247;
				GENERATE_INFOPLIST_FILE = YES;
				IPHONEOS_DEPLOYMENT_TARGET = 17.2;
				MARKETING_VERSION = 1.0;
				PRODUCT_BUNDLE_IDENTIFIER = "yjx-xcdebug.UITestTests";
				PRODUCT_NAME = "$(TARGET_NAME)";
				SWIFT_EMIT_LOC_STRINGS = NO;
				TARGETED_DEVICE_FAMILY = "1,2";
				TEST_HOST = "$(BUILT_PRODUCTS_DIR)/UITest.app/$(BUNDLE_EXECUTABLE_FOLDER_PATH)/UITest";
			};
			name = Release;
		};
		2B2E9EF22CCB6AC200DFC9ED /* Debug */ = {
			isa = XCBuildConfiguration;
			buildSettings = {
				CODE_SIGN_STYLE = Automatic;
				CURRENT_PROJECT_VERSION = 1;
				DEVELOPMENT_TEAM = 5Z4W2PM247;
				GENERATE_INFOPLIST_FILE = YES;
				MARKETING_VERSION = 1.0;
				PRODUCT_BUNDLE_IDENTIFIER = "yjx-xcdebug.UITestUITests";
				PRODUCT_NAME = "$(TARGET_NAME)";
				SWIFT_EMIT_LOC_STRINGS = NO;
				TARGETED_DEVICE_FAMILY = "1,2";
				TEST_TARGET_NAME = UITest;
			};
			name = Debug;
		};
		2B2E9EF32CCB6AC200DFC9ED /* Release */ = {
			isa = XCBuildConfiguration;
			buildSettings = {
				CODE_SIGN_STYLE = Automatic;
				CURRENT_PROJECT_VERSION = 1;
				DEVELOPMENT_TEAM = 5Z4W2PM247;
				GENERATE_INFOPLIST_FILE = YES;
				MARKETING_VERSION = 1.0;
				PRODUCT_BUNDLE_IDENTIFIER = "yjx-xcdebug.UITestUITests";
				PRODUCT_NAME = "$(TARGET_NAME)";
				SWIFT_EMIT_LOC_STRINGS = NO;
				TARGETED_DEVICE_FAMILY = "1,2";
				TEST_TARGET_NAME = UITest;
			};
			name = Release;
		};
/* End XCBuildConfiguration section */

/* Begin XCConfigurationList section */
		2B2E9EB72CCB6AC100DFC9ED /* Build configuration list for PBXProject "UITest" */ = {
			isa = XCConfigurationList;
			buildConfigurations = (
				2B2E9EE92CCB6AC200DFC9ED /* Debug */,
				2B2E9EEA2CCB6AC200DFC9ED /* Release */,
			);
			defaultConfigurationIsVisible = 0;
			defaultConfigurationName = Release;
		};
		2B2E9EEB2CCB6AC200DFC9ED /* Build configuration list for PBXNativeTarget "UITest" */ = {
			isa = XCConfigurationList;
			buildConfigurations = (
				2B2E9EEC2CCB6AC200DFC9ED /* Debug */,
				2B2E9EED2CCB6AC200DFC9ED /* Release */,
			);
			defaultConfigurationIsVisible = 0;
			defaultConfigurationName = Release;
		};
		2B2E9EEE2CCB6AC200DFC9ED /* Build configuration list for PBXNativeTarget "UITestTests" */ = {
			isa = XCConfigurationList;
			buildConfigurations = (
				2B2E9EEF2CCB6AC200DFC9ED /* Debug */,
				2B2E9EF02CCB6AC200DFC9ED /* Release */,
			);
			defaultConfigurationIsVisible = 0;
			defaultConfigurationName = Release;
		};
		2B2E9EF12CCB6AC200DFC9ED /* Build configuration list for PBXNativeTarget "UITestUITests" */ = {
			isa = XCConfigurationList;
			buildConfigurations = (
				2B2E9EF22CCB6AC200DFC9ED /* Debug */,
				2B2E9EF32CCB6AC200DFC9ED /* Release */,
			);
			defaultConfigurationIsVisible = 0;
			defaultConfigurationName = Release;
		};
/* End XCConfigurationList section */
	};
	rootObject = 2B2E9EB42CCB6AC100DFC9ED /* Project object */;
}
